lockfileVersion: '9.0'

settings:
  autoInstallPeers: true
  excludeLinksFromLockfile: false

importers:

  .:
    dependencies:
      cheerio:
        specifier: 1.0.0-rc.12
        version: 1.0.0-rc.12
      cron:
        specifier: ^3.1.7
        version: 3.5.0
      discord.js:
        specifier: ^14.15.3
        version: 14.24.0
      jimp:
        specifier: ^1.6.0
        version: 1.6.0
      mysql:
        specifier: ^2.18.1
        version: 2.18.1
      node-fetch:
        specifier: ^3.3.2
        version: 3.3.2
      pdf-images:
        specifier: ^1.3.3
        version: 1.3.3
      png-to-jpeg:
        specifier: ^1.0.1
        version: 1.0.1
      solarlunar:
        specifier: ^2.0.7
        version: 2.0.7

packages:

  '@discordjs/builders@1.13.0':
    resolution: {integrity: sha512-COK0uU6ZaJI+LA67H/rp8IbEkYwlZf3mAoBI5wtPh5G5cbEQGNhVpzINg2f/6+q/YipnNIKy6fJDg6kMUKUw4Q==}
    engines: {node: '>=16.11.0'}

  '@discordjs/collection@1.5.3':
    resolution: {integrity: sha512-SVb428OMd3WO1paV3rm6tSjM4wC+Kecaa1EUGX7vc6/fddvw/6lg90z4QtCqm21zvVe92vMMDt9+DkIvjXImQQ==}
    engines: {node: '>=16.11.0'}

  '@discordjs/collection@2.1.1':
    resolution: {integrity: sha512-LiSusze9Tc7qF03sLCujF5iZp7K+vRNEDBZ86FT9aQAv3vxMLihUvKvpsCWiQ2DJq1tVckopKm1rxomgNUc9hg==}
    engines: {node: '>=18'}

  '@discordjs/formatters@0.6.1':
    resolution: {integrity: sha512-5cnX+tASiPCqCWtFcFslxBVUaCetB0thvM/JyavhbXInP1HJIEU+Qv/zMrnuwSsX3yWH2lVXNJZeDK3EiP4HHg==}
    engines: {node: '>=16.11.0'}

  '@discordjs/rest@2.6.0':
    resolution: {integrity: sha512-RDYrhmpB7mTvmCKcpj+pc5k7POKszS4E2O9TYc+U+Y4iaCP+r910QdO43qmpOja8LRr1RJ0b3U+CqVsnPqzf4w==}
    engines: {node: '>=18'}

  '@discordjs/util@1.1.1':
    resolution: {integrity: sha512-eddz6UnOBEB1oITPinyrB2Pttej49M9FZQY8NxgEvc3tq6ZICZ19m70RsmzRdDHk80O9NoYN/25AqJl8vPVf/g==}
    engines: {node: '>=18'}

  '@discordjs/ws@1.2.3':
    resolution: {integrity: sha512-wPlQDxEmlDg5IxhJPuxXr3Vy9AjYq5xCvFWGJyD7w7Np8ZGu+Mc+97LCoEc/+AYCo2IDpKioiH0/c/mj5ZR9Uw==}
    engines: {node: '>=16.11.0'}

  '@jimp/core@1.6.0':
    resolution: {integrity: sha512-EQQlKU3s9QfdJqiSrZWNTxBs3rKXgO2W+GxNXDtwchF3a4IqxDheFX1ti+Env9hdJXDiYLp2jTRjlxhPthsk8w==}
    engines: {node: '>=18'}

  '@jimp/diff@1.6.0':
    resolution: {integrity: sha512-+yUAQ5gvRC5D1WHYxjBHZI7JBRusGGSLf8AmPRPCenTzh4PA+wZ1xv2+cYqQwTfQHU5tXYOhA0xDytfHUf1Zyw==}
    engines: {node: '>=18'}

  '@jimp/file-ops@1.6.0':
    resolution: {integrity: sha512-Dx/bVDmgnRe1AlniRpCKrGRm5YvGmUwbDzt+MAkgmLGf+jvBT75hmMEZ003n9HQI/aPnm/YKnXjg/hOpzNCpHQ==}
    engines: {node: '>=18'}

  '@jimp/js-bmp@1.6.0':
    resolution: {integrity: sha512-FU6Q5PC/e3yzLyBDXupR3SnL3htU7S3KEs4e6rjDP6gNEOXRFsWs6YD3hXuXd50jd8ummy+q2WSwuGkr8wi+Gw==}
    engines: {node: '>=18'}

  '@jimp/js-gif@1.6.0':
    resolution: {integrity: sha512-N9CZPHOrJTsAUoWkWZstLPpwT5AwJ0wge+47+ix3++SdSL/H2QzyMqxbcDYNFe4MoI5MIhATfb0/dl/wmX221g==}
    engines: {node: '>=18'}

  '@jimp/js-jpeg@1.6.0':
    resolution: {integrity: sha512-6vgFDqeusblf5Pok6B2DUiMXplH8RhIKAryj1yn+007SIAQ0khM1Uptxmpku/0MfbClx2r7pnJv9gWpAEJdMVA==}
    engines: {node: '>=18'}

  '@jimp/js-png@1.6.0':
    resolution: {integrity: sha512-AbQHScy3hDDgMRNfG0tPjL88AV6qKAILGReIa3ATpW5QFjBKpisvUaOqhzJ7Reic1oawx3Riyv152gaPfqsBVg==}
    engines: {node: '>=18'}

  '@jimp/js-tiff@1.6.0':
    resolution: {integrity: sha512-zhReR8/7KO+adijj3h0ZQUOiun3mXUv79zYEAKvE0O+rP7EhgtKvWJOZfRzdZSNv0Pu1rKtgM72qgtwe2tFvyw==}
    engines: {node: '>=18'}

  '@jimp/plugin-blit@1.6.0':
    resolution: {integrity: sha512-M+uRWl1csi7qilnSK8uxK4RJMSuVeBiO1AY0+7APnfUbQNZm6hCe0CCFv1Iyw1D/Dhb8ph8fQgm5mwM0eSxgVA==}
    engines: {node: '>=18'}

  '@jimp/plugin-blur@1.6.0':
    resolution: {integrity: sha512-zrM7iic1OTwUCb0g/rN5y+UnmdEsT3IfuCXCJJNs8SZzP0MkZ1eTvuwK9ZidCuMo4+J3xkzCidRwYXB5CyGZTw==}
    engines: {node: '>=18'}

  '@jimp/plugin-circle@1.6.0':
    resolution: {integrity: sha512-xt1Gp+LtdMKAXfDp3HNaG30SPZW6AQ7dtAtTnoRKorRi+5yCJjKqXRgkewS5bvj8DEh87Ko1ydJfzqS3P2tdWw==}
    engines: {node: '>=18'}

  '@jimp/plugin-color@1.6.0':
    resolution: {integrity: sha512-J5q8IVCpkBsxIXM+45XOXTrsyfblyMZg3a9eAo0P7VPH4+CrvyNQwaYatbAIamSIN1YzxmO3DkIZXzRjFSz1SA==}
    engines: {node: '>=18'}

  '@jimp/plugin-contain@1.6.0':
    resolution: {integrity: sha512-oN/n+Vdq/Qg9bB4yOBOxtY9IPAtEfES8J1n9Ddx+XhGBYT1/QTU/JYkGaAkIGoPnyYvmLEDqMz2SGihqlpqfzQ==}
    engines: {node: '>=18'}

  '@jimp/plugin-cover@1.6.0':
    resolution: {integrity: sha512-Iow0h6yqSC269YUJ8HC3Q/MpCi2V55sMlbkkTTx4zPvd8mWZlC0ykrNDeAy9IJegrQ7v5E99rJwmQu25lygKLA==}
    engines: {node: '>=18'}

  '@jimp/plugin-crop@1.6.0':
    resolution: {integrity: sha512-KqZkEhvs+21USdySCUDI+GFa393eDIzbi1smBqkUPTE+pRwSWMAf01D5OC3ZWB+xZsNla93BDS9iCkLHA8wang==}
    engines: {node: '>=18'}

  '@jimp/plugin-displace@1.6.0':
    resolution: {integrity: sha512-4Y10X9qwr5F+Bo5ME356XSACEF55485j5nGdiyJ9hYzjQP9nGgxNJaZ4SAOqpd+k5sFaIeD7SQ0Occ26uIng5Q==}
    engines: {node: '>=18'}

  '@jimp/plugin-dither@1.6.0':
    resolution: {integrity: sha512-600d1RxY0pKwgyU0tgMahLNKsqEcxGdbgXadCiVCoGd6V6glyCvkNrnnwC0n5aJ56Htkj88PToSdF88tNVZEEQ==}
    engines: {node: '>=18'}

  '@jimp/plugin-fisheye@1.6.0':
    resolution: {integrity: sha512-E5QHKWSCBFtpgZarlmN3Q6+rTQxjirFqo44ohoTjzYVrDI6B6beXNnPIThJgPr0Y9GwfzgyarKvQuQuqCnnfbA==}
    engines: {node: '>=18'}

  '@jimp/plugin-flip@1.6.0':
    resolution: {integrity: sha512-/+rJVDuBIVOgwoyVkBjUFHtP+wmW0r+r5OQ2GpatQofToPVbJw1DdYWXlwviSx7hvixTWLKVgRWQ5Dw862emDg==}
    engines: {node: '>=18'}

  '@jimp/plugin-hash@1.6.0':
    resolution: {integrity: sha512-wWzl0kTpDJgYVbZdajTf+4NBSKvmI3bRI8q6EH9CVeIHps9VWVsUvEyb7rpbcwVLWYuzDtP2R0lTT6WeBNQH9Q==}
    engines: {node: '>=18'}

  '@jimp/plugin-mask@1.6.0':
    resolution: {integrity: sha512-Cwy7ExSJMZszvkad8NV8o/Z92X2kFUFM8mcDAhNVxU0Q6tA0op2UKRJY51eoK8r6eds/qak3FQkXakvNabdLnA==}
    engines: {node: '>=18'}

  '@jimp/plugin-print@1.6.0':
    resolution: {integrity: sha512-zarTIJi8fjoGMSI/M3Xh5yY9T65p03XJmPsuNet19K/Q7mwRU6EV2pfj+28++2PV2NJ+htDF5uecAlnGyxFN2A==}
    engines: {node: '>=18'}

  '@jimp/plugin-quantize@1.6.0':
    resolution: {integrity: sha512-EmzZ/s9StYQwbpG6rUGBCisc3f64JIhSH+ncTJd+iFGtGo0YvSeMdAd+zqgiHpfZoOL54dNavZNjF4otK+mvlg==}
    engines: {node: '>=18'}

  '@jimp/plugin-resize@1.6.0':
    resolution: {integrity: sha512-uSUD1mqXN9i1SGSz5ov3keRZ7S9L32/mAQG08wUwZiEi5FpbV0K8A8l1zkazAIZi9IJzLlTauRNU41Mi8IF9fA==}
    engines: {node: '>=18'}

  '@jimp/plugin-rotate@1.6.0':
    resolution: {integrity: sha512-JagdjBLnUZGSG4xjCLkIpQOZZ3Mjbg8aGCCi4G69qR+OjNpOeGI7N2EQlfK/WE8BEHOW5vdjSyglNqcYbQBWRw==}
    engines: {node: '>=18'}

  '@jimp/plugin-threshold@1.6.0':
    resolution: {integrity: sha512-M59m5dzLoHOVWdM41O8z9SyySzcDn43xHseOH0HavjsfQsT56GGCC4QzU1banJidbUrePhzoEdS42uFE8Fei8w==}
    engines: {node: '>=18'}

  '@jimp/types@1.6.0':
    resolution: {integrity: sha512-7UfRsiKo5GZTAATxm2qQ7jqmUXP0DxTArztllTcYdyw6Xi5oT4RaoXynVtCD4UyLK5gJgkZJcwonoijrhYFKfg==}
    engines: {node: '>=18'}

  '@jimp/utils@1.6.0':
    resolution: {integrity: sha512-gqFTGEosKbOkYF/WFj26jMHOI5OH2jeP1MmC/zbK6BF6VJBf8rIC5898dPfSzZEbSA0wbbV5slbntWVc5PKLFA==}
    engines: {node: '>=18'}

  '@sapphire/async-queue@1.5.5':
    resolution: {integrity: sha512-cvGzxbba6sav2zZkH8GPf2oGk9yYoD5qrNWdu9fRehifgnFZJMV+nuy2nON2roRO4yQQ+v7MK/Pktl/HgfsUXg==}
    engines: {node: '>=v14.0.0', npm: '>=7.0.0'}

  '@sapphire/shapeshift@4.0.0':
    resolution: {integrity: sha512-d9dUmWVA7MMiKobL3VpLF8P2aeanRTu6ypG2OIaEv/ZHH/SUQ2iHOVyi5wAPjQ+HmnMuL0whK9ez8I/raWbtIg==}
    engines: {node: '>=v16'}

  '@sapphire/snowflake@3.5.3':
    resolution: {integrity: sha512-jjmJywLAFoWeBi1W7994zZyiNWPIiqRRNAmSERxyg93xRGzNYvGjlZ0gR6x0F4gPRi2+0O6S71kOZYyr3cxaIQ==}
    engines: {node: '>=v14.0.0', npm: '>=7.0.0'}

  '@tokenizer/token@0.3.0':
    resolution: {integrity: sha512-OvjF+z51L3ov0OyAU0duzsYuvO01PH7x4t6DJx+guahgTnBHkhJdG7soQeTSFLWN3efnHyibZ4Z8l2EuWwJN3A==}

  '@types/luxon@3.4.2':
    resolution: {integrity: sha512-TifLZlFudklWlMBfhubvgqTXRzLDI5pCbGa4P8a3wPyUQSW+1xQ5eDsreP9DWHX3tjq1ke96uYG/nwundroWcA==}

  '@types/node@16.9.1':
    resolution: {integrity: sha512-QpLcX9ZSsq3YYUUnD3nFDY8H7wctAhQj/TFKL8Ya8v5fMm3CFXxo8zStsLAl780ltoYoo1WvKUVGBQK+1ifr7g==}

  '@types/node@24.9.1':
    resolution: {integrity: sha512-QoiaXANRkSXK6p0Duvt56W208du4P9Uye9hWLWgGMDTEoKPhuenzNcC4vGUmrNkiOKTlIrBoyNQYNpSwfEZXSg==}

  '@types/ws@8.18.1':
    resolution: {integrity: sha512-ThVF6DCVhA8kUGy+aazFQ4kXQ7E1Ty7A3ypFOe0IcJV8O/M511G99AW24irKrW56Wt44yG9+ij8FaqoBGkuBXg==}

  '@vladfrangu/async_event_emitter@2.4.7':
    resolution: {integrity: sha512-Xfe6rpCTxSxfbswi/W/Pz7zp1WWSNn4A0eW4mLkQUewCrXXtMj31lCg+iQyTkh/CkusZSq9eDflu7tjEDXUY6g==}
    engines: {node: '>=v14.0.0', npm: '>=7.0.0'}

  abort-controller@3.0.0:
    resolution: {integrity: sha512-h8lQ8tacZYnR3vNQTgibj+tODHI5/+l06Au2Pcriv/Gmet0eaj4TwWH41sO9wnHDiQsEj19q0drzdWdeAHtweg==}
    engines: {node: '>=6.5'}

  any-base@1.1.0:
    resolution: {integrity: sha512-uMgjozySS8adZZYePpaWs8cxB9/kdzmpX6SgJZ+wbz1K5eYk5QMYDVJaZKhxyIHUdnnJkfR7SVgStgH7LkGUyg==}

  await-to-js@3.0.0:
    resolution: {integrity: sha512-zJAaP9zxTcvTHRlejau3ZOY4V7SRpiByf3/dxx2uyKxxor19tpmpV2QRsTKikckwhaPmr2dVpxxMr7jOCYVp5g==}
    engines: {node: '>=6.0.0'}

  base64-js@1.5.1:
    resolution: {integrity: sha512-AKpaYlHn8t4SVbOHCy+b5+KKgvR4vrsD8vbvrbiQJps7fKDTkjkDry6ji0rUJjC0kzbNePLwzxq8iypo41qeWA==}

  bignumber.js@9.0.0:
    resolution: {integrity: sha512-t/OYhhJ2SD+YGBQcjY8GzzDHEk9f3nerxjtfa6tlMXfe7frs/WozhvCNoGvpM0P3bNf3Gq5ZRMlGr5f3r4/N8A==}

  bmp-ts@1.0.9:
    resolution: {integrity: sha512-cTEHk2jLrPyi+12M3dhpEbnnPOsaZuq7C45ylbbQIiWgDFZq4UVYPEY5mlqjvsj/6gJv9qX5sa+ebDzLXT28Vw==}

  boolbase@1.0.0:
    resolution: {integrity: sha512-JZOSA7Mo9sNGB8+UjSgzdLtokWAky1zbztM3WRLCbZ70/3cTANmQmOdR7y2g+J0e2WXywy1yS468tY+IruqEww==}

  buffer@6.0.3:
    resolution: {integrity: sha512-FTiCpNxtwiZZHEZbcbTIcZjERVICn9yq/pDFkTl95/AxzD1naBctN7YO68riM/gLSDY7sdrMby8hofADYuuqOA==}

  cheerio-select@2.1.0:
    resolution: {integrity: sha512-9v9kG0LvzrlcungtnJtpGNxY+fzECQKhK4EGJX2vByejiMX84MFNQw4UxPJl3bFbTMw+Dfs37XaIkCwTZfLh4g==}

  cheerio@1.0.0-rc.12:
    resolution: {integrity: sha512-VqR8m68vM46BNnuZ5NtnGBKIE/DfN0cRIzg9n40EIq9NOv90ayxLBXA8fXC5gquFRGJSTRqBq25Jt2ECLR431Q==}
    engines: {node: '>= 6'}

  core-util-is@1.0.3:
    resolution: {integrity: sha512-ZQBvi1DcpJ4GDqanjucZ2Hj3wEO5pZDS89BWbkcrvdxksJorwUDDZamX9ldFkp9aw2lmBDLgkObEA4DWNJ9FYQ==}

  cron@3.5.0:
    resolution: {integrity: sha512-0eYZqCnapmxYcV06uktql93wNWdlTmmBFP2iYz+JPVcQqlyFYcn1lFuIk4R54pkOmE7mcldTAPZv6X5XA4Q46A==}

  css-select@5.2.2:
    resolution: {integrity: sha512-TizTzUddG/xYLA3NXodFM0fSbNizXjOKhqiQQwvhlspadZokn1KDy0NZFS0wuEubIYAV5/c1/lAr0TaaFXEXzw==}

  css-what@6.2.2:
    resolution: {integrity: sha512-u/O3vwbptzhMs3L1fQE82ZSLHQQfto5gyZzwteVIEyeaY5Fc7R4dapF/BvRoSYFeqfBk4m0V1Vafq5Pjv25wvA==}
    engines: {node: '>= 6'}

  data-uri-to-buffer@4.0.1:
    resolution: {integrity: sha512-0R9ikRb668HB7QDxT1vkpuUBtqc53YyAwMwGeUFKRojY/NWKvdZ+9UYtRfGmhqNbRkTSVpMbmyhXipFFv2cb/A==}
    engines: {node: '>= 12'}

  discord-api-types@0.38.31:
    resolution: {integrity: sha512-kC94ANsk8ackj8ENTuO8joTNEL0KtymVhHy9dyEC/s4QAZ7GCx40dYEzQaadyo8w+oP0X8QydE/nzAWRylTGtQ==}

  discord.js@14.24.0:
    resolution: {integrity: sha512-KNq/ekT8bsmT3ZAfVre8cPbl+DfVYSdlLnDmGZPoz7Cw21LYeWHllRA9MivqNq5b1GPGAxGvyUN1vxbTb/PQWw==}
    engines: {node: '>=18'}

  dom-serializer@2.0.0:
    resolution: {integrity: sha512-wIkAryiqt/nV5EQKqQpo3SToSOV9J0DnbJqwK7Wv/Trc92zIAYZ4FlMu+JPFW1DfGFt81ZTCGgDEabffXeLyJg==}

  domelementtype@2.3.0:
    resolution: {integrity: sha512-OLETBj6w0OsagBwdXnPdN0cnMfF9opN69co+7ZrbfPGrdpPVNBUj02spi6B1N7wChLQiPn4CSH/zJvXw56gmHw==}

  domhandler@5.0.3:
    resolution: {integrity: sha512-cgwlv/1iFQiFnU96XXgROh8xTeetsnJiDsTc7TYCLFd9+/WNkIqPTxiM/8pSd8VIrhXGTf1Ny1q1hquVqDJB5w==}
    engines: {node: '>= 4'}

  domutils@3.2.2:
    resolution: {integrity: sha512-6kZKyUajlDuqlHKVX1w7gyslj9MPIXzIFiz/rGu35uC1wMi+kMhQwGhl4lt9unC9Vb9INnY9Z3/ZA3+FhASLaw==}

  entities@4.5.0:
    resolution: {integrity: sha512-V0hjH4dGPh9Ao5p0MoRY6BVqtwCjhz6vI5LT8AJ55H+4g9/4vbHx1I54fS0XuclLhDHArPQCiMjDxjaL8fPxhw==}
    engines: {node: '>=0.12'}

  entities@6.0.1:
    resolution: {integrity: sha512-aN97NXWF6AWBTahfVOIrB/NShkzi5H7F9r1s9mD3cDj4Ko5f2qhhVoYMibXF7GlLveb/D2ioWay8lxI97Ven3g==}
    engines: {node: '>=0.12'}

  event-target-shim@5.0.1:
    resolution: {integrity: sha512-i/2XbnSz/uxRCU6+NdVJgKWDTM427+MqYbkQzD321DuCQJUqOuJKIA0IM2+W2xtYHdKOmZ4dR6fExsd4SXL+WQ==}
    engines: {node: '>=6'}

  events@3.3.0:
    resolution: {integrity: sha512-mQw+2fkQbALzQ7V0MY0IqdnXNOeTtP4r0lN9z7AAawCXgqea7bDii20AYrIBrFd/Hx0M2Ocz6S111CaFkUcb0Q==}
    engines: {node: '>=0.8.x'}

  exif-parser@0.1.12:
    resolution: {integrity: sha512-c2bQfLNbMzLPmzQuOr8fy0csy84WmwnER81W88DzTp9CYNPJ6yzOj2EZAh9pywYpqHnshVLHQJ8WzldAyfY+Iw==}

  fast-deep-equal@3.1.3:
    resolution: {integrity: sha512-f3qQ9oQy9j2AhBe/H9VC91wLmKBCCU/gDOnKNAYG5hswO7BLKj09Hc5HYNz9cGI++xlpDCIgDaitVs03ATR84Q==}

  fetch-blob@3.2.0:
    resolution: {integrity: sha512-7yAQpD2UMJzLi1Dqv7qFYnPbaPx7ZfFK6PiIxQ4PfkGPyNyl2Ugx+a/umUonmKqjhM4DnfbMvdX6otXq83soQQ==}
    engines: {node: ^12.20 || >= 14.13}

  file-type@16.5.4:
    resolution: {integrity: sha512-/yFHK0aGjFEgDJjEKP0pWCplsPFPhwyfwevf/pVxiN0tmE4L9LmwWxWukdJSHdoCli4VgQLehjJtwQBnqmsKcw==}
    engines: {node: '>=10'}

  formdata-polyfill@4.0.10:
    resolution: {integrity: sha512-buewHzMvYL29jdeQTVILecSaZKnt/RJWjoZCF5OW60Z67/GmSLBkOFM7qh1PI3zFNtJbaZL5eQu1vLfazOwj4g==}
    engines: {node: '>=12.20.0'}

  gifwrap@0.10.1:
    resolution: {integrity: sha512-2760b1vpJHNmLzZ/ubTtNnEx5WApN/PYWJvXvgS+tL1egTTthayFYIQQNi136FLEDcN/IyEY2EcGpIITD6eYUw==}

  htmlparser2@8.0.2:
    resolution: {integrity: sha512-GYdjWKDkbRLkZ5geuHs5NY1puJ+PXwP7+fHPRz06Eirsb9ugf6d8kkXav6ADhcODhFFPMIXyxkxSuMf3D6NCFA==}

  ieee754@1.2.1:
    resolution: {integrity: sha512-dcyqhDvX1C46lXZcVqCpK+FtMRQVdIMN6/Df5js2zouUsqG7I6sFxitIC+7KYK29KdXOLHdu9zL4sFnoVQnqaA==}

  image-q@4.0.0:
    resolution: {integrity: sha512-PfJGVgIfKQJuq3s0tTDOKtztksibuUEbJQIYT3by6wctQo+Rdlh7ef4evJ5NCdxY4CfMbvFkocEwbl4BF8RlJw==}

  inherits@2.0.4:
    resolution: {integrity: sha512-k/vGaX4/Yla3WzyMCvTQOXYeIHvqOKtnqBduzTHpzpQZzAskKMhZ2K+EnBiSM9zGSoIFeMpXKxa4dYeZIQqewQ==}

  isarray@1.0.0:
    resolution: {integrity: sha512-VLghIWNM6ELQzo7zwmcg0NmTVyWKYjvIeM83yjp0wRDTmUnrM678fQbcKBo6n2CJEF0szoG//ytg+TKla89ALQ==}

  jimp@1.6.0:
    resolution: {integrity: sha512-YcwCHw1kiqEeI5xRpDlPPBGL2EOpBKLwO4yIBJcXWHPj5PnA5urGq0jbyhM5KoNpypQ6VboSoxc9D8HyfvngSg==}
    engines: {node: '>=18'}

  jpeg-js@0.1.2:
    resolution: {integrity: sha512-CiRVjMKBUp6VYtGwzRjrdnro41yMwKGOWdP9ATXqmixdz2n7KHNwdqthTYSSbOKj/Ha79Gct1sA8ZQpse55TYA==}

  jpeg-js@0.4.4:
    resolution: {integrity: sha512-WZzeDOEtTOBK4Mdsar0IqEU5sMr3vSV2RqkAIzUEV2BHnUfKGyswWFPFwK5EeDo93K3FohSHbLAjj0s1Wzd+dg==}

  lodash.snakecase@4.1.1:
    resolution: {integrity: sha512-QZ1d4xoBHYUeuouhEq3lk3Uq7ldgyFXGBhg04+oRLnIz8o9T65Eh+8YdroUwn846zchkA9yDsDl5CVVaV2nqYw==}

  lodash@4.17.21:
    resolution: {integrity: sha512-v2kDEe57lecTulaDIuNTPy3Ry4gLGJ6Z1O3vE1krgXZNrsQ+LFTGHVxVjcXPs17LhbZVGedAJv8XZ1tvj5FvSg==}

  luxon@3.5.0:
    resolution: {integrity: sha512-rh+Zjr6DNfUYR3bPwJEnuwDdqMbxZW7LOQfUN4B54+Cl+0o5zaU9RJ6bcidfDtC1cWCZXQ+nvX8bf6bAji37QQ==}
    engines: {node: '>=12'}

  magic-bytes.js@1.12.1:
    resolution: {integrity: sha512-ThQLOhN86ZkJ7qemtVRGYM+gRgR8GEXNli9H/PMvpnZsE44Xfh3wx9kGJaldg314v85m+bFW6WBMaVHJc/c3zA==}

  mime@3.0.0:
    resolution: {integrity: sha512-jSCU7/VB1loIWBZe14aEYHU/+1UMEHoaO7qxCOVJOw9GgH72VAWppxNcjU+x9a2k3GSIBXNKxXQFqRvvZ7vr3A==}
    engines: {node: '>=10.0.0'}
    hasBin: true

  mysql@2.18.1:
    resolution: {integrity: sha512-Bca+gk2YWmqp2Uf6k5NFEurwY/0td0cpebAucFpY/3jhrwrVGuxU2uQFCHjU19SJfje0yQvi+rVWdq78hR5lig==}
    engines: {node: '>= 0.6'}

  node-domexception@1.0.0:
    resolution: {integrity: sha512-/jKZoMpw0F8GRwl4/eLROPA3cfcXtLApP0QzLmUT/HuPCZWyB7IY9ZrMeKw2O/nFIqPQB3PVM9aYm0F312AXDQ==}
    engines: {node: '>=10.5.0'}
    deprecated: Use your platform's native DOMException instead

  node-fetch@3.3.2:
    resolution: {integrity: sha512-dRB78srN/l6gqWulah9SrxeYnxeddIG30+GOqK/9OlLVyLg3HPnr6SqOWTWOXKRwC2eGYCkZ59NNuSgvSrpgOA==}
    engines: {node: ^12.20.0 || ^14.13.1 || >=16.0.0}

  nth-check@2.1.1:
    resolution: {integrity: sha512-lqjrjmaOoAnWfMmBPL+XNnynZh2+swxiX3WUE0s4yEHI6m+AwrK2UZOimIRl3X/4QctVqS8AiZjFqyOGrMXb/w==}

  omggif@1.0.10:
    resolution: {integrity: sha512-LMJTtvgc/nugXj0Vcrrs68Mn2D1r0zf630VNtqtpI1FEO7e+O9FP4gqs9AcnBaSEeoHIPm28u6qgPR0oyEpGSw==}

  pako@1.0.11:
    resolution: {integrity: sha512-4hLB8Py4zZce5s4yd9XzopqwVv/yGNhV1Bl8NTmCq1763HeK2+EwVTv+leGeL13Dnh2wfbqowVPXCIO0z4taYw==}

  parse-bmfont-ascii@1.0.6:
    resolution: {integrity: sha512-U4RrVsUFCleIOBsIGYOMKjn9PavsGOXxbvYGtMOEfnId0SVNsgehXh1DxUdVPLoxd5mvcEtvmKs2Mmf0Mpa1ZA==}

  parse-bmfont-binary@1.0.6:
    resolution: {integrity: sha512-GxmsRea0wdGdYthjuUeWTMWPqm2+FAd4GI8vCvhgJsFnoGhTrLhXDDupwTo7rXVAgaLIGoVHDZS9p/5XbSqeWA==}

  parse-bmfont-xml@1.1.6:
    resolution: {integrity: sha512-0cEliVMZEhrFDwMh4SxIyVJpqYoOWDJ9P895tFuS+XuNzI5UBmBk5U5O4KuJdTnZpSBI4LFA2+ZiJaiwfSwlMA==}

  parse5-htmlparser2-tree-adapter@7.1.0:
    resolution: {integrity: sha512-ruw5xyKs6lrpo9x9rCZqZZnIUntICjQAd0Wsmp396Ul9lN/h+ifgVV1x1gZHi8euej6wTfpqX8j+BFQxF0NS/g==}

  parse5@7.3.0:
    resolution: {integrity: sha512-IInvU7fabl34qmi9gY8XOVxhYyMyuH2xUNpb2q8/Y+7552KlejkRvqvD19nMoUW/uQGGbqNpA6Tufu5FL5BZgw==}

  pdf-images@1.3.3:
    resolution: {integrity: sha512-vbmIhHgrUPAqTRHnYMY7QCGizY16Cc/R1VYTSp/Z57DWXufUDO2OK7QiHvneQaay6br06NG8vanhTkQgtQR2LQ==}

  peek-readable@4.1.0:
    resolution: {integrity: sha512-ZI3LnwUv5nOGbQzD9c2iDG6toheuXSZP5esSHBjopsXH4dg19soufvpUGA3uohi5anFtGb2lhAVdHzH6R/Evvg==}
    engines: {node: '>=8'}

  pify@2.3.0:
    resolution: {integrity: sha512-udgsAY+fTnvv7kI7aaxbqwWNb0AHiB0qBO89PZKPkoTmGOgdbrHDKD+0B2X4uTfJ/FT1R09r9gTsjUjNJotuog==}
    engines: {node: '>=0.10.0'}

  pixelmatch@5.3.0:
    resolution: {integrity: sha512-o8mkY4E/+LNUf6LzX96ht6k6CEDi65k9G2rjMtBe9Oo+VPKSvl+0GKHuH/AlG+GA5LPG/i5hrekkxUc3s2HU+Q==}
    hasBin: true

  png-js@0.1.1:
    resolution: {integrity: sha512-NTtk2SyfjBm+xYl2/VZJBhFnTQ4kU5qWC7VC4/iGbrgiU4FuB4xC+74erxADYJIqZICOR1HCvRA7EBHkpjTg9g==}

  png-to-jpeg@1.0.1:
    resolution: {integrity: sha512-3M0hMY84ocnH3pKu+i4GYo5x7OaQPhudCKYjCUxiykh9/wQM1GZOmlsRifxzINeZREIsIBjD2tYt1KsAdgnSkg==}
    engines: {node: '>=4'}

  pngjs@6.0.0:
    resolution: {integrity: sha512-TRzzuFRRmEoSW/p1KVAmiOgPco2Irlah+bGFCeNfJXxxYGwSw7YwAOAcd7X28K/m5bjBWKsC29KyoMfHbypayg==}
    engines: {node: '>=12.13.0'}

  pngjs@7.0.0:
    resolution: {integrity: sha512-LKWqWJRhstyYo9pGvgor/ivk2w94eSjE3RGVuzLGlr3NmD8bf7RcYGze1mNdEHRP6TRP6rMuDHk5t44hnTRyow==}
    engines: {node: '>=14.19.0'}

  process-nextick-args@2.0.1:
    resolution: {integrity: sha512-3ouUOpQhtgrbOa17J7+uxOTpITYWaGP7/AhoR3+A+/1e9skrzelGi/dXzEYyvbxubEF6Wn2ypscTKiKJFFn1ag==}

  process@0.11.10:
    resolution: {integrity: sha512-cdGef/drWFoydD1JsMzuFf8100nZl+GT+yacc2bEced5f9Rjk4z+WtFUTBu9PhOi9j/jfmBPu0mMEY4wIdAF8A==}
    engines: {node: '>= 0.6.0'}

  readable-stream@2.3.7:
    resolution: {integrity: sha512-Ebho8K4jIbHAxnuxi7o42OrZgF/ZTNcsZj6nRKyUmkhLFq8CHItp/fy6hQZuZmP/n3yZ9VBUbp4zz/mX8hmYPw==}

  readable-stream@4.7.0:
    resolution: {integrity: sha512-oIGGmcpTLwPga8Bn6/Z75SVaH1z5dUut2ibSyAMVhmUggWpmDn2dapB0n7f8nwaSiRtepAsfJyfXIO5DCVAODg==}
    engines: {node: ^12.22.0 || ^14.17.0 || >=16.0.0}

  readable-web-to-node-stream@3.0.4:
    resolution: {integrity: sha512-9nX56alTf5bwXQ3ZDipHJhusu9NTQJ/CVPtb/XHAJCXihZeitfJvIRS4GqQ/mfIoOE3IelHMrpayVrosdHBuLw==}
    engines: {node: '>=8'}

  safe-buffer@5.1.2:
    resolution: {integrity: sha512-Gd2UZBJDkXlY7GbJxfsE8/nvKkUEU1G38c1siN6QP6a9PT9MmHB8GnpscSmMJSoF8LOIrt8ud/wPtojys4G6+g==}

  safe-buffer@5.2.1:
    resolution: {integrity: sha512-rp3So07KcdmmKbGvgaNxQSJr7bGVSVk5S9Eq1F+ppbRo70+YeaDxkw5Dd8NPN+GD6bjnYm2VuPuCXmpuYvmCXQ==}

  sax@1.4.1:
    resolution: {integrity: sha512-+aWOz7yVScEGoKNd4PA10LZ8sk0A/z5+nXQG5giUO5rprX9jgYsTdov9qCchZiPIZezbZH+jRut8nPodFAX4Jg==}

  simple-xml-to-json@1.2.3:
    resolution: {integrity: sha512-kWJDCr9EWtZ+/EYYM5MareWj2cRnZGF93YDNpH4jQiHB+hBIZnfPFSQiVMzZOdk+zXWqTZ/9fTeQNu2DqeiudA==}
    engines: {node: '>=20.12.2'}

  solarlunar@2.0.7:
    resolution: {integrity: sha512-2SfuCCgAAxFU5MTMYuKGbRgRLcPTJQf3azMEw/GmBpHXA7N2eAQJStSqktZJjnq4qRCboBPnqEB866+PCregag==}

  sqlstring@2.3.1:
    resolution: {integrity: sha512-ooAzh/7dxIG5+uDik1z/Rd1vli0+38izZhGzSa34FwR7IbelPWCCKSNIl8jlL/F7ERvy8CB2jNeM1E9i9mXMAQ==}
    engines: {node: '>= 0.6'}

  string_decoder@1.1.1:
    resolution: {integrity: sha512-n/ShnvDi6FHbbVfviro+WojiFzv+s8MPMHBczVePfUpDJLwoLT0ht1l4YwBCbi8pJAveEEdnkHyPyTP/mzRfwg==}

  string_decoder@1.3.0:
    resolution: {integrity: sha512-hkRX8U1WjJFd8LsDJ2yQ/wWWxaopEsABU1XfkM8A+j0+85JAGppt16cr1Whg6KIbb4okU6Mql6BOj+uup/wKeA==}

  strtok3@6.3.0:
    resolution: {integrity: sha512-fZtbhtvI9I48xDSywd/somNqgUHl2L2cstmXCCif0itOf96jeW18MBSyrLuNicYQVkvpOxkZtkzujiTJ9LW5Jw==}
    engines: {node: '>=10'}

  tinycolor2@1.6.0:
    resolution: {integrity: sha512-XPaBkWQJdsf3pLKJV9p4qN/S+fm2Oj8AIPo1BTUhg5oxkvm9+SVEGFdhyOz7tTdUTfvxMiAs4sp6/eZO2Ew+pw==}

  token-types@4.2.1:
    resolution: {integrity: sha512-6udB24Q737UD/SDsKAHI9FCRP7Bqc9D/MQUV02ORQg5iskjtLJlZJNdN4kKtcdtwCeWIwIHDGaUsTsCCAa8sFQ==}
    engines: {node: '>=10'}

  ts-mixer@6.0.4:
    resolution: {integrity: sha512-ufKpbmrugz5Aou4wcr5Wc1UUFWOLhq+Fm6qa6P0w0K5Qw2yhaUoiWszhCVuNQyNwrlGiscHOmqYoAox1PtvgjA==}

  tslib@2.8.1:
    resolution: {integrity: sha512-oJFu94HQb+KVduSUQL7wnpmqnfmLsOA/nAh6b6EH0wCEoK0/mPeXU6c3wKDV83MkOuHPRHtSXKKU99IBazS/2w==}

  undici-types@7.16.0:
    resolution: {integrity: sha512-Zz+aZWSj8LE6zoxD+xrjh4VfkIG8Ya6LvYkZqtUQGJPZjYl53ypCaUwWqo7eI0x66KBGeRo+mlBEkMSeSZ38Nw==}

  undici@6.21.3:
    resolution: {integrity: sha512-gBLkYIlEnSp8pFbT64yFgGE6UIB9tAkhukC23PmMDCe5Nd+cRqKxSjw5y54MK2AZMgZfJWMaNE4nYUHgi1XEOw==}
    engines: {node: '>=18.17'}

  utif2@4.1.0:
    resolution: {integrity: sha512-+oknB9FHrJ7oW7A2WZYajOcv4FcDR4CfoGB0dPNfxbi4GO05RRnFmt5oa23+9w32EanrYcSJWspUiJkLMs+37w==}

  util-deprecate@1.0.2:
    resolution: {integrity: sha512-EPD5q1uXyFxJpCrLnCc1nHnq3gOa6DZBocAIiI2TaSCA7VCJ1UJDMagCzIkXNsUYfD1daK//LTEQ8xiIbrHtcw==}

  web-streams-polyfill@3.3.3:
    resolution: {integrity: sha512-d2JWLCivmZYTSIoge9MsgFCZrt571BikcWGYkjC1khllbTeDlGqZ2D8vD8E/lJa8WGWbb7Plm8/XJYV7IJHZZw==}
    engines: {node: '>= 8'}

  ws@8.18.3:
    resolution: {integrity: sha512-PEIGCY5tSlUt50cqyMXfCzX+oOPqN0vuGqWzbcJ2xvnkzkq46oOpz7dQaTDBdfICb4N14+GARUDw2XV2N4tvzg==}
    engines: {node: '>=10.0.0'}
    peerDependencies:
      bufferutil: ^4.0.1
      utf-8-validate: '>=5.0.2'
    peerDependenciesMeta:
      bufferutil:
        optional: true
      utf-8-validate:
        optional: true

  xml-parse-from-string@1.0.1:
    resolution: {integrity: sha512-ErcKwJTF54uRzzNMXq2X5sMIy88zJvfN2DmdoQvy7PAFJ+tPRU6ydWuOKNMyfmOjdyBQTFREi60s0Y0SyI0G0g==}

  xml2js@0.5.0:
    resolution: {integrity: sha512-drPFnkQJik/O+uPKpqSgr22mpuFHqKdbS835iAQrUC73L2F5WkboIRd63ai/2Yg6I1jzifPFKH2NTK+cfglkIA==}
    engines: {node: '>=4.0.0'}

  xmlbuilder@11.0.1:
    resolution: {integrity: sha512-fDlsI/kFEx7gLvbecc0/ohLG50fugQp8ryHzMTuW9vSa1GJ0XYWKnhsUx7oie3G98+r56aTQIUB4kht42R3JvA==}
    engines: {node: '>=4.0'}

  zod@3.25.76:
    resolution: {integrity: sha512-gzUt/qt81nXsFGKIFcC3YnfEAx5NkunCfnDlvuBSSFS02bcXu4Lmea0AFIUwbLWxWPx3d9p8S5QoaujKcNQxcQ==}

snapshots:

  '@discordjs/builders@1.13.0':
    dependencies:
      '@discordjs/formatters': 0.6.1
      '@discordjs/util': 1.1.1
      '@sapphire/shapeshift': 4.0.0
      discord-api-types: 0.38.31
      fast-deep-equal: 3.1.3
      ts-mixer: 6.0.4
      tslib: 2.8.1

  '@discordjs/collection@1.5.3': {}

  '@discordjs/collection@2.1.1': {}

  '@discordjs/formatters@0.6.1':
    dependencies:
      discord-api-types: 0.38.31

  '@discordjs/rest@2.6.0':
    dependencies:
      '@discordjs/collection': 2.1.1
      '@discordjs/util': 1.1.1
      '@sapphire/async-queue': 1.5.5
      '@sapphire/snowflake': 3.5.3
      '@vladfrangu/async_event_emitter': 2.4.7
      discord-api-types: 0.38.31
      magic-bytes.js: 1.12.1
      tslib: 2.8.1
      undici: 6.21.3

  '@discordjs/util@1.1.1': {}

  '@discordjs/ws@1.2.3':
    dependencies:
      '@discordjs/collection': 2.1.1
      '@discordjs/rest': 2.6.0
      '@discordjs/util': 1.1.1
      '@sapphire/async-queue': 1.5.5
      '@types/ws': 8.18.1
      '@vladfrangu/async_event_emitter': 2.4.7
      discord-api-types: 0.38.31
      tslib: 2.8.1
      ws: 8.18.3
    transitivePeerDependencies:
      - bufferutil
      - utf-8-validate

  '@jimp/core@1.6.0':
    dependencies:
      '@jimp/file-ops': 1.6.0
      '@jimp/types': 1.6.0
      '@jimp/utils': 1.6.0
      await-to-js: 3.0.0
      exif-parser: 0.1.12
      file-type: 16.5.4
      mime: 3.0.0

  '@jimp/diff@1.6.0':
    dependencies:
      '@jimp/plugin-resize': 1.6.0
      '@jimp/types': 1.6.0
      '@jimp/utils': 1.6.0
      pixelmatch: 5.3.0

  '@jimp/file-ops@1.6.0': {}

  '@jimp/js-bmp@1.6.0':
    dependencies:
      '@jimp/core': 1.6.0
      '@jimp/types': 1.6.0
      '@jimp/utils': 1.6.0
      bmp-ts: 1.0.9

  '@jimp/js-gif@1.6.0':
    dependencies:
      '@jimp/core': 1.6.0
      '@jimp/types': 1.6.0
      gifwrap: 0.10.1
      omggif: 1.0.10

  '@jimp/js-jpeg@1.6.0':
    dependencies:
      '@jimp/core': 1.6.0
      '@jimp/types': 1.6.0
      jpeg-js: 0.4.4

  '@jimp/js-png@1.6.0':
    dependencies:
      '@jimp/core': 1.6.0
      '@jimp/types': 1.6.0
      pngjs: 7.0.0

  '@jimp/js-tiff@1.6.0':
    dependencies:
      '@jimp/core': 1.6.0
      '@jimp/types': 1.6.0
      utif2: 4.1.0

  '@jimp/plugin-blit@1.6.0':
    dependencies:
      '@jimp/types': 1.6.0
      '@jimp/utils': 1.6.0
      zod: 3.25.76

  '@jimp/plugin-blur@1.6.0':
    dependencies:
      '@jimp/core': 1.6.0
      '@jimp/utils': 1.6.0

  '@jimp/plugin-circle@1.6.0':
    dependencies:
      '@jimp/types': 1.6.0
      zod: 3.25.76

  '@jimp/plugin-color@1.6.0':
    dependencies:
      '@jimp/core': 1.6.0
      '@jimp/types': 1.6.0
      '@jimp/utils': 1.6.0
      tinycolor2: 1.6.0
      zod: 3.25.76

  '@jimp/plugin-contain@1.6.0':
    dependencies:
      '@jimp/core': 1.6.0
      '@jimp/plugin-blit': 1.6.0
      '@jimp/plugin-resize': 1.6.0
      '@jimp/types': 1.6.0
      '@jimp/utils': 1.6.0
      zod: 3.25.76

  '@jimp/plugin-cover@1.6.0':
    dependencies:
      '@jimp/core': 1.6.0
      '@jimp/plugin-crop': 1.6.0
      '@jimp/plugin-resize': 1.6.0
      '@jimp/types': 1.6.0
      zod: 3.25.76

  '@jimp/plugin-crop@1.6.0':
    dependencies:
      '@jimp/core': 1.6.0
      '@jimp/types': 1.6.0
      '@jimp/utils': 1.6.0
      zod: 3.25.76

  '@jimp/plugin-displace@1.6.0':
    dependencies:
      '@jimp/types': 1.6.0
      '@jimp/utils': 1.6.0
      zod: 3.25.76

  '@jimp/plugin-dither@1.6.0':
    dependencies:
      '@jimp/types': 1.6.0

  '@jimp/plugin-fisheye@1.6.0':
    dependencies:
      '@jimp/types': 1.6.0
      '@jimp/utils': 1.6.0
      zod: 3.25.76

  '@jimp/plugin-flip@1.6.0':
    dependencies:
      '@jimp/types': 1.6.0
      zod: 3.25.76

  '@jimp/plugin-hash@1.6.0':
    dependencies:
      '@jimp/core': 1.6.0
      '@jimp/js-bmp': 1.6.0
      '@jimp/js-jpeg': 1.6.0
      '@jimp/js-png': 1.6.0
      '@jimp/js-tiff': 1.6.0
      '@jimp/plugin-color': 1.6.0
      '@jimp/plugin-resize': 1.6.0
      '@jimp/types': 1.6.0
      '@jimp/utils': 1.6.0
      any-base: 1.1.0

  '@jimp/plugin-mask@1.6.0':
    dependencies:
      '@jimp/types': 1.6.0
      zod: 3.25.76

  '@jimp/plugin-print@1.6.0':
    dependencies:
      '@jimp/core': 1.6.0
      '@jimp/js-jpeg': 1.6.0
      '@jimp/js-png': 1.6.0
      '@jimp/plugin-blit': 1.6.0
      '@jimp/types': 1.6.0
      parse-bmfont-ascii: 1.0.6
      parse-bmfont-binary: 1.0.6
      parse-bmfont-xml: 1.1.6
      simple-xml-to-json: 1.2.3
      zod: 3.25.76

  '@jimp/plugin-quantize@1.6.0':
    dependencies:
      image-q: 4.0.0
      zod: 3.25.76

  '@jimp/plugin-resize@1.6.0':
    dependencies:
      '@jimp/core': 1.6.0
      '@jimp/types': 1.6.0
      zod: 3.25.76

  '@jimp/plugin-rotate@1.6.0':
    dependencies:
      '@jimp/core': 1.6.0
      '@jimp/plugin-crop': 1.6.0
      '@jimp/plugin-resize': 1.6.0
      '@jimp/types': 1.6.0
      '@jimp/utils': 1.6.0
      zod: 3.25.76

  '@jimp/plugin-threshold@1.6.0':
    dependencies:
      '@jimp/core': 1.6.0
      '@jimp/plugin-color': 1.6.0
      '@jimp/plugin-hash': 1.6.0
      '@jimp/types': 1.6.0
      '@jimp/utils': 1.6.0
      zod: 3.25.76

  '@jimp/types@1.6.0':
    dependencies:
      zod: 3.25.76

  '@jimp/utils@1.6.0':
    dependencies:
      '@jimp/types': 1.6.0
      tinycolor2: 1.6.0

  '@sapphire/async-queue@1.5.5': {}

  '@sapphire/shapeshift@4.0.0':
    dependencies:
      fast-deep-equal: 3.1.3
      lodash: 4.17.21

  '@sapphire/snowflake@3.5.3': {}

  '@tokenizer/token@0.3.0': {}

  '@types/luxon@3.4.2': {}

  '@types/node@16.9.1': {}

  '@types/node@24.9.1':
    dependencies:
      undici-types: 7.16.0

  '@types/ws@8.18.1':
    dependencies:
      '@types/node': 24.9.1

  '@vladfrangu/async_event_emitter@2.4.7': {}

  abort-controller@3.0.0:
    dependencies:
      event-target-shim: 5.0.1

  any-base@1.1.0: {}

  await-to-js@3.0.0: {}

  base64-js@1.5.1: {}

  bignumber.js@9.0.0: {}

  bmp-ts@1.0.9: {}

  boolbase@1.0.0: {}

  buffer@6.0.3:
    dependencies:
      base64-js: 1.5.1
      ieee754: 1.2.1

  cheerio-select@2.1.0:
    dependencies:
      boolbase: 1.0.0
      css-select: 5.2.2
      css-what: 6.2.2
      domelementtype: 2.3.0
      domhandler: 5.0.3
      domutils: 3.2.2

  cheerio@1.0.0-rc.12:
    dependencies:
      cheerio-select: 2.1.0
      dom-serializer: 2.0.0
      domhandler: 5.0.3
      domutils: 3.2.2
      htmlparser2: 8.0.2
      parse5: 7.3.0
      parse5-htmlparser2-tree-adapter: 7.1.0

  core-util-is@1.0.3: {}

  cron@3.5.0:
    dependencies:
      '@types/luxon': 3.4.2
      luxon: 3.5.0

  css-select@5.2.2:
    dependencies:
      boolbase: 1.0.0
      css-what: 6.2.2
      domhandler: 5.0.3
      domutils: 3.2.2
      nth-check: 2.1.1

  css-what@6.2.2: {}

  data-uri-to-buffer@4.0.1: {}

  discord-api-types@0.38.31: {}

  discord.js@14.24.0:
    dependencies:
      '@discordjs/builders': 1.13.0
      '@discordjs/collection': 1.5.3
      '@discordjs/formatters': 0.6.1
      '@discordjs/rest': 2.6.0
      '@discordjs/util': 1.1.1
      '@discordjs/ws': 1.2.3
      '@sapphire/snowflake': 3.5.3
      discord-api-types: 0.38.31
      fast-deep-equal: 3.1.3
      lodash.snakecase: 4.1.1
      magic-bytes.js: 1.12.1
      tslib: 2.8.1
      undici: 6.21.3
    transitivePeerDependencies:
      - bufferutil
      - utf-8-validate

  dom-serializer@2.0.0:
    dependencies:
      domelementtype: 2.3.0
      domhandler: 5.0.3
      entities: 4.5.0

  domelementtype@2.3.0: {}

  domhandler@5.0.3:
    dependencies:
      domelementtype: 2.3.0

  domutils@3.2.2:
    dependencies:
      dom-serializer: 2.0.0
      domelementtype: 2.3.0
      domhandler: 5.0.3

  entities@4.5.0: {}

  entities@6.0.1: {}

  event-target-shim@5.0.1: {}

  events@3.3.0: {}

  exif-parser@0.1.12: {}

  fast-deep-equal@3.1.3: {}

  fetch-blob@3.2.0:
    dependencies:
      node-domexception: 1.0.0
      web-streams-polyfill: 3.3.3

  file-type@16.5.4:
    dependencies:
      readable-web-to-node-stream: 3.0.4
      strtok3: 6.3.0
      token-types: 4.2.1

  formdata-polyfill@4.0.10:
    dependencies:
      fetch-blob: 3.2.0

  gifwrap@0.10.1:
    dependencies:
      image-q: 4.0.0
      omggif: 1.0.10

  htmlparser2@8.0.2:
    dependencies:
      domelementtype: 2.3.0
      domhandler: 5.0.3
      domutils: 3.2.2
      entities: 4.5.0

  ieee754@1.2.1: {}

  image-q@4.0.0:
    dependencies:
      '@types/node': 16.9.1

  inherits@2.0.4: {}

  isarray@1.0.0: {}

  jimp@1.6.0:
    dependencies:
      '@jimp/core': 1.6.0
      '@jimp/diff': 1.6.0
      '@jimp/js-bmp': 1.6.0
      '@jimp/js-gif': 1.6.0
      '@jimp/js-jpeg': 1.6.0
      '@jimp/js-png': 1.6.0
      '@jimp/js-tiff': 1.6.0
      '@jimp/plugin-blit': 1.6.0
      '@jimp/plugin-blur': 1.6.0
      '@jimp/plugin-circle': 1.6.0
      '@jimp/plugin-color': 1.6.0
      '@jimp/plugin-contain': 1.6.0
      '@jimp/plugin-cover': 1.6.0
      '@jimp/plugin-crop': 1.6.0
      '@jimp/plugin-displace': 1.6.0
      '@jimp/plugin-dither': 1.6.0
      '@jimp/plugin-fisheye': 1.6.0
      '@jimp/plugin-flip': 1.6.0
      '@jimp/plugin-hash': 1.6.0
      '@jimp/plugin-mask': 1.6.0
      '@jimp/plugin-print': 1.6.0
      '@jimp/plugin-quantize': 1.6.0
      '@jimp/plugin-resize': 1.6.0
      '@jimp/plugin-rotate': 1.6.0
      '@jimp/plugin-threshold': 1.6.0
      '@jimp/types': 1.6.0
      '@jimp/utils': 1.6.0

  jpeg-js@0.1.2: {}

  jpeg-js@0.4.4: {}

  lodash.snakecase@4.1.1: {}

  lodash@4.17.21: {}

  luxon@3.5.0: {}

  magic-bytes.js@1.12.1: {}

  mime@3.0.0: {}

  mysql@2.18.1:
    dependencies:
      bignumber.js: 9.0.0
      readable-stream: 2.3.7
      safe-buffer: 5.1.2
      sqlstring: 2.3.1

  node-domexception@1.0.0: {}

  node-fetch@3.3.2:
    dependencies:
      data-uri-to-buffer: 4.0.1
      fetch-blob: 3.2.0
      formdata-polyfill: 4.0.10

  nth-check@2.1.1:
    dependencies:
      boolbase: 1.0.0

  omggif@1.0.10: {}

  pako@1.0.11: {}

  parse-bmfont-ascii@1.0.6: {}

  parse-bmfont-binary@1.0.6: {}

  parse-bmfont-xml@1.1.6:
    dependencies:
      xml-parse-from-string: 1.0.1
      xml2js: 0.5.0

  parse5-htmlparser2-tree-adapter@7.1.0:
    dependencies:
      domhandler: 5.0.3
      parse5: 7.3.0

  parse5@7.3.0:
    dependencies:
      entities: 6.0.1

  pdf-images@1.3.3: {}

  peek-readable@4.1.0: {}

  pify@2.3.0: {}

  pixelmatch@5.3.0:
    dependencies:
      pngjs: 6.0.0

  png-js@0.1.1: {}

  png-to-jpeg@1.0.1:
    dependencies:
      jpeg-js: 0.1.2
      pify: 2.3.0
      png-js: 0.1.1

  pngjs@6.0.0: {}

  pngjs@7.0.0: {}

  process-nextick-args@2.0.1: {}

  process@0.11.10: {}

  readable-stream@2.3.7:
    dependencies:
      core-util-is: 1.0.3
      inherits: 2.0.4
      isarray: 1.0.0
      process-nextick-args: 2.0.1
      safe-buffer: 5.1.2
      string_decoder: 1.1.1
      util-deprecate: 1.0.2

  readable-stream@4.7.0:
    dependencies:
      abort-controller: 3.0.0
      buffer: 6.0.3
      events: 3.3.0
      process: 0.11.10
      string_decoder: 1.3.0

  readable-web-to-node-stream@3.0.4:
    dependencies:
      readable-stream: 4.7.0

  safe-buffer@5.1.2: {}

  safe-buffer@5.2.1: {}

  sax@1.4.1: {}

  simple-xml-to-json@1.2.3: {}

  solarlunar@2.0.7: {}

  sqlstring@2.3.1: {}

  string_decoder@1.1.1:
    dependencies:
      safe-buffer: 5.1.2

  string_decoder@1.3.0:
    dependencies:
      safe-buffer: 5.2.1

  strtok3@6.3.0:
    dependencies:
      '@tokenizer/token': 0.3.0
      peek-readable: 4.1.0

  tinycolor2@1.6.0: {}

  token-types@4.2.1:
    dependencies:
      '@tokenizer/token': 0.3.0
      ieee754: 1.2.1

  ts-mixer@6.0.4: {}

  tslib@2.8.1: {}

  undici-types@7.16.0: {}

  undici@6.21.3: {}

  utif2@4.1.0:
    dependencies:
      pako: 1.0.11

  util-deprecate@1.0.2: {}

  web-streams-polyfill@3.3.3: {}

  ws@8.18.3: {}

  xml-parse-from-string@1.0.1: {}

  xml2js@0.5.0:
    dependencies:
      sax: 1.4.1
      xmlbuilder: 11.0.1

  xmlbuilder@11.0.1: {}

  zod@3.25.76: {}
