lockfileVersion: '9.0'

settings:
  autoInstallPeers: true
  excludeLinksFromLockfile: false

importers:

  .:
    dependencies:
      cheerio:
        specifier: 1.0.0-rc.12
        version: 1.0.0-rc.12
      cron:
        specifier: ^3.1.7
        version: 3.5.0
      discord.js:
        specifier: ^14.24.0
        version: 14.24.0
      jimp:
        specifier: ^0.22.12
        version: 0.22.12
      mysql:
        specifier: ^2.18.1
        version: 2.18.1
      node-fetch:
        specifier: ^3.3.2
        version: 3.3.2
      pdf-images:
        specifier: ^1.3.3
        version: 1.3.3
      png-to-jpeg:
        specifier: ^1.0.1
        version: 1.0.1

packages:

  '@discordjs/builders@1.13.0':
    resolution: {integrity: sha512-COK0uU6ZaJI+LA67H/rp8IbEkYwlZf3mAoBI5wtPh5G5cbEQGNhVpzINg2f/6+q/YipnNIKy6fJDg6kMUKUw4Q==}
    engines: {node: '>=16.11.0'}

  '@discordjs/collection@1.5.3':
    resolution: {integrity: sha512-SVb428OMd3WO1paV3rm6tSjM4wC+Kecaa1EUGX7vc6/fddvw/6lg90z4QtCqm21zvVe92vMMDt9+DkIvjXImQQ==}
    engines: {node: '>=16.11.0'}

  '@discordjs/collection@2.1.1':
    resolution: {integrity: sha512-LiSusze9Tc7qF03sLCujF5iZp7K+vRNEDBZ86FT9aQAv3vxMLihUvKvpsCWiQ2DJq1tVckopKm1rxomgNUc9hg==}
    engines: {node: '>=18'}

  '@discordjs/formatters@0.6.1':
    resolution: {integrity: sha512-5cnX+tASiPCqCWtFcFslxBVUaCetB0thvM/JyavhbXInP1HJIEU+Qv/zMrnuwSsX3yWH2lVXNJZeDK3EiP4HHg==}
    engines: {node: '>=16.11.0'}

  '@discordjs/rest@2.6.0':
    resolution: {integrity: sha512-RDYrhmpB7mTvmCKcpj+pc5k7POKszS4E2O9TYc+U+Y4iaCP+r910QdO43qmpOja8LRr1RJ0b3U+CqVsnPqzf4w==}
    engines: {node: '>=18'}

  '@discordjs/util@1.1.1':
    resolution: {integrity: sha512-eddz6UnOBEB1oITPinyrB2Pttej49M9FZQY8NxgEvc3tq6ZICZ19m70RsmzRdDHk80O9NoYN/25AqJl8vPVf/g==}
    engines: {node: '>=18'}

  '@discordjs/ws@1.2.3':
    resolution: {integrity: sha512-wPlQDxEmlDg5IxhJPuxXr3Vy9AjYq5xCvFWGJyD7w7Np8ZGu+Mc+97LCoEc/+AYCo2IDpKioiH0/c/mj5ZR9Uw==}
    engines: {node: '>=16.11.0'}

  '@jimp/bmp@0.22.12':
    resolution: {integrity: sha512-aeI64HD0npropd+AR76MCcvvRaa+Qck6loCOS03CkkxGHN5/r336qTM5HPUdHKMDOGzqknuVPA8+kK1t03z12g==}
    peerDependencies:
      '@jimp/custom': '>=0.3.5'

  '@jimp/core@0.22.12':
    resolution: {integrity: sha512-l0RR0dOPyzMKfjUW1uebzueFEDtCOj9fN6pyTYWWOM/VS4BciXQ1VVrJs8pO3kycGYZxncRKhCoygbNr8eEZQA==}

  '@jimp/custom@0.22.12':
    resolution: {integrity: sha512-xcmww1O/JFP2MrlGUMd3Q78S3Qu6W3mYTXYuIqFq33EorgYHV/HqymHfXy9GjiCJ7OI+7lWx6nYFOzU7M4rd1Q==}

  '@jimp/gif@0.22.12':
    resolution: {integrity: sha512-y6BFTJgch9mbor2H234VSjd9iwAhaNf/t3US5qpYIs0TSbAvM02Fbc28IaDETj9+4YB4676sz4RcN/zwhfu1pg==}
    peerDependencies:
      '@jimp/custom': '>=0.3.5'

  '@jimp/jpeg@0.22.12':
    resolution: {integrity: sha512-Rq26XC/uQWaQKyb/5lksCTCxXhtY01NJeBN+dQv5yNYedN0i7iYu+fXEoRsfaJ8xZzjoANH8sns7rVP4GE7d/Q==}
    peerDependencies:
      '@jimp/custom': '>=0.3.5'

  '@jimp/plugin-blit@0.22.12':
    resolution: {integrity: sha512-xslz2ZoFZOPLY8EZ4dC29m168BtDx95D6K80TzgUi8gqT7LY6CsajWO0FAxDwHz6h0eomHMfyGX0stspBrTKnQ==}
    peerDependencies:
      '@jimp/custom': '>=0.3.5'

  '@jimp/plugin-blur@0.22.12':
    resolution: {integrity: sha512-S0vJADTuh1Q9F+cXAwFPlrKWzDj2F9t/9JAbUvaaDuivpyWuImEKXVz5PUZw2NbpuSHjwssbTpOZ8F13iJX4uw==}
    peerDependencies:
      '@jimp/custom': '>=0.3.5'

  '@jimp/plugin-circle@0.22.12':
    resolution: {integrity: sha512-SWVXx1yiuj5jZtMijqUfvVOJBwOifFn0918ou4ftoHgegc5aHWW5dZbYPjvC9fLpvz7oSlptNl2Sxr1zwofjTg==}
    peerDependencies:
      '@jimp/custom': '>=0.3.5'

  '@jimp/plugin-color@0.22.12':
    resolution: {integrity: sha512-xImhTE5BpS8xa+mAN6j4sMRWaUgUDLoaGHhJhpC+r7SKKErYDR0WQV4yCE4gP+N0gozD0F3Ka1LUSaMXrn7ZIA==}
    peerDependencies:
      '@jimp/custom': '>=0.3.5'

  '@jimp/plugin-contain@0.22.12':
    resolution: {integrity: sha512-Eo3DmfixJw3N79lWk8q/0SDYbqmKt1xSTJ69yy8XLYQj9svoBbyRpSnHR+n9hOw5pKXytHwUW6nU4u1wegHNoQ==}
    peerDependencies:
      '@jimp/custom': '>=0.3.5'
      '@jimp/plugin-blit': '>=0.3.5'
      '@jimp/plugin-resize': '>=0.3.5'
      '@jimp/plugin-scale': '>=0.3.5'

  '@jimp/plugin-cover@0.22.12':
    resolution: {integrity: sha512-z0w/1xH/v/knZkpTNx+E8a7fnasQ2wHG5ze6y5oL2dhH1UufNua8gLQXlv8/W56+4nJ1brhSd233HBJCo01BXA==}
    peerDependencies:
      '@jimp/custom': '>=0.3.5'
      '@jimp/plugin-crop': '>=0.3.5'
      '@jimp/plugin-resize': '>=0.3.5'
      '@jimp/plugin-scale': '>=0.3.5'

  '@jimp/plugin-crop@0.22.12':
    resolution: {integrity: sha512-FNuUN0OVzRCozx8XSgP9MyLGMxNHHJMFt+LJuFjn1mu3k0VQxrzqbN06yIl46TVejhyAhcq5gLzqmSCHvlcBVw==}
    peerDependencies:
      '@jimp/custom': '>=0.3.5'

  '@jimp/plugin-displace@0.22.12':
    resolution: {integrity: sha512-qpRM8JRicxfK6aPPqKZA6+GzBwUIitiHaZw0QrJ64Ygd3+AsTc7BXr+37k2x7QcyCvmKXY4haUrSIsBug4S3CA==}
    peerDependencies:
      '@jimp/custom': '>=0.3.5'

  '@jimp/plugin-dither@0.22.12':
    resolution: {integrity: sha512-jYgGdSdSKl1UUEanX8A85v4+QUm+PE8vHFwlamaKk89s+PXQe7eVE3eNeSZX4inCq63EHL7cX580dMqkoC3ZLw==}
    peerDependencies:
      '@jimp/custom': '>=0.3.5'

  '@jimp/plugin-fisheye@0.22.12':
    resolution: {integrity: sha512-LGuUTsFg+fOp6KBKrmLkX4LfyCy8IIsROwoUvsUPKzutSqMJnsm3JGDW2eOmWIS/jJpPaeaishjlxvczjgII+Q==}
    peerDependencies:
      '@jimp/custom': '>=0.3.5'

  '@jimp/plugin-flip@0.22.12':
    resolution: {integrity: sha512-m251Rop7GN8W0Yo/rF9LWk6kNclngyjIJs/VXHToGQ6EGveOSTSQaX2Isi9f9lCDLxt+inBIb7nlaLLxnvHX8Q==}
    peerDependencies:
      '@jimp/custom': '>=0.3.5'
      '@jimp/plugin-rotate': '>=0.3.5'

  '@jimp/plugin-gaussian@0.22.12':
    resolution: {integrity: sha512-sBfbzoOmJ6FczfG2PquiK84NtVGeScw97JsCC3rpQv1PHVWyW+uqWFF53+n3c8Y0P2HWlUjflEla2h/vWShvhg==}
    peerDependencies:
      '@jimp/custom': '>=0.3.5'

  '@jimp/plugin-invert@0.22.12':
    resolution: {integrity: sha512-N+6rwxdB+7OCR6PYijaA/iizXXodpxOGvT/smd/lxeXsZ/empHmFFFJ/FaXcYh19Tm04dGDaXcNF/dN5nm6+xQ==}
    peerDependencies:
      '@jimp/custom': '>=0.3.5'

  '@jimp/plugin-mask@0.22.12':
    resolution: {integrity: sha512-4AWZg+DomtpUA099jRV8IEZUfn1wLv6+nem4NRJC7L/82vxzLCgXKTxvNvBcNmJjT9yS1LAAmiJGdWKXG63/NA==}
    peerDependencies:
      '@jimp/custom': '>=0.3.5'

  '@jimp/plugin-normalize@0.22.12':
    resolution: {integrity: sha512-0So0rexQivnWgnhacX4cfkM2223YdExnJTTy6d06WbkfZk5alHUx8MM3yEzwoCN0ErO7oyqEWRnEkGC+As1FtA==}
    peerDependencies:
      '@jimp/custom': '>=0.3.5'

  '@jimp/plugin-print@0.22.12':
    resolution: {integrity: sha512-c7TnhHlxm87DJeSnwr/XOLjJU/whoiKYY7r21SbuJ5nuH+7a78EW1teOaj5gEr2wYEd7QtkFqGlmyGXY/YclyQ==}
    peerDependencies:
      '@jimp/custom': '>=0.3.5'
      '@jimp/plugin-blit': '>=0.3.5'

  '@jimp/plugin-resize@0.22.12':
    resolution: {integrity: sha512-3NyTPlPbTnGKDIbaBgQ3HbE6wXbAlFfxHVERmrbqAi8R3r6fQPxpCauA8UVDnieg5eo04D0T8nnnNIX//i/sXg==}
    peerDependencies:
      '@jimp/custom': '>=0.3.5'

  '@jimp/plugin-rotate@0.22.12':
    resolution: {integrity: sha512-9YNEt7BPAFfTls2FGfKBVgwwLUuKqy+E8bDGGEsOqHtbuhbshVGxN2WMZaD4gh5IDWvR+emmmPPWGgaYNYt1gA==}
    peerDependencies:
      '@jimp/custom': '>=0.3.5'
      '@jimp/plugin-blit': '>=0.3.5'
      '@jimp/plugin-crop': '>=0.3.5'
      '@jimp/plugin-resize': '>=0.3.5'

  '@jimp/plugin-scale@0.22.12':
    resolution: {integrity: sha512-dghs92qM6MhHj0HrV2qAwKPMklQtjNpoYgAB94ysYpsXslhRTiPisueSIELRwZGEr0J0VUxpUY7HgJwlSIgGZw==}
    peerDependencies:
      '@jimp/custom': '>=0.3.5'
      '@jimp/plugin-resize': '>=0.3.5'

  '@jimp/plugin-shadow@0.22.12':
    resolution: {integrity: sha512-FX8mTJuCt7/3zXVoeD/qHlm4YH2bVqBuWQHXSuBK054e7wFRnRnbSLPUqAwSeYP3lWqpuQzJtgiiBxV3+WWwTg==}
    peerDependencies:
      '@jimp/custom': '>=0.3.5'
      '@jimp/plugin-blur': '>=0.3.5'
      '@jimp/plugin-resize': '>=0.3.5'

  '@jimp/plugin-threshold@0.22.12':
    resolution: {integrity: sha512-4x5GrQr1a/9L0paBC/MZZJjjgjxLYrqSmWd+e+QfAEPvmRxdRoQ5uKEuNgXnm9/weHQBTnQBQsOY2iFja+XGAw==}
    peerDependencies:
      '@jimp/custom': '>=0.3.5'
      '@jimp/plugin-color': '>=0.8.0'
      '@jimp/plugin-resize': '>=0.8.0'

  '@jimp/plugins@0.22.12':
    resolution: {integrity: sha512-yBJ8vQrDkBbTgQZLty9k4+KtUQdRjsIDJSPjuI21YdVeqZxYywifHl4/XWILoTZsjTUASQcGoH0TuC0N7xm3ww==}
    peerDependencies:
      '@jimp/custom': '>=0.3.5'

  '@jimp/png@0.22.12':
    resolution: {integrity: sha512-Mrp6dr3UTn+aLK8ty/dSKELz+Otdz1v4aAXzV5q53UDD2rbB5joKVJ/ChY310B+eRzNxIovbUF1KVrUsYdE8Hg==}
    peerDependencies:
      '@jimp/custom': '>=0.3.5'

  '@jimp/tiff@0.22.12':
    resolution: {integrity: sha512-E1LtMh4RyJsoCAfAkBRVSYyZDTtLq9p9LUiiYP0vPtXyxX4BiYBUYihTLSBlCQg5nF2e4OpQg7SPrLdJ66u7jg==}
    peerDependencies:
      '@jimp/custom': '>=0.3.5'

  '@jimp/types@0.22.12':
    resolution: {integrity: sha512-wwKYzRdElE1MBXFREvCto5s699izFHNVvALUv79GXNbsOVqlwlOxlWJ8DuyOGIXoLP4JW/m30YyuTtfUJgMRMA==}
    peerDependencies:
      '@jimp/custom': '>=0.3.5'

  '@jimp/utils@0.22.12':
    resolution: {integrity: sha512-yJ5cWUknGnilBq97ZXOyOS0HhsHOyAyjHwYfHxGbSyMTohgQI6sVyE8KPgDwH8HHW/nMKXk8TrSwAE71zt716Q==}

  '@sapphire/async-queue@1.5.5':
    resolution: {integrity: sha512-cvGzxbba6sav2zZkH8GPf2oGk9yYoD5qrNWdu9fRehifgnFZJMV+nuy2nON2roRO4yQQ+v7MK/Pktl/HgfsUXg==}
    engines: {node: '>=v14.0.0', npm: '>=7.0.0'}

  '@sapphire/shapeshift@4.0.0':
    resolution: {integrity: sha512-d9dUmWVA7MMiKobL3VpLF8P2aeanRTu6ypG2OIaEv/ZHH/SUQ2iHOVyi5wAPjQ+HmnMuL0whK9ez8I/raWbtIg==}
    engines: {node: '>=v16'}

  '@sapphire/snowflake@3.5.3':
    resolution: {integrity: sha512-jjmJywLAFoWeBi1W7994zZyiNWPIiqRRNAmSERxyg93xRGzNYvGjlZ0gR6x0F4gPRi2+0O6S71kOZYyr3cxaIQ==}
    engines: {node: '>=v14.0.0', npm: '>=7.0.0'}

  '@tokenizer/token@0.3.0':
    resolution: {integrity: sha512-OvjF+z51L3ov0OyAU0duzsYuvO01PH7x4t6DJx+guahgTnBHkhJdG7soQeTSFLWN3efnHyibZ4Z8l2EuWwJN3A==}

  '@types/luxon@3.4.2':
    resolution: {integrity: sha512-TifLZlFudklWlMBfhubvgqTXRzLDI5pCbGa4P8a3wPyUQSW+1xQ5eDsreP9DWHX3tjq1ke96uYG/nwundroWcA==}

  '@types/node@16.9.1':
    resolution: {integrity: sha512-QpLcX9ZSsq3YYUUnD3nFDY8H7wctAhQj/TFKL8Ya8v5fMm3CFXxo8zStsLAl780ltoYoo1WvKUVGBQK+1ifr7g==}

  '@types/node@24.9.1':
    resolution: {integrity: sha512-QoiaXANRkSXK6p0Duvt56W208du4P9Uye9hWLWgGMDTEoKPhuenzNcC4vGUmrNkiOKTlIrBoyNQYNpSwfEZXSg==}

  '@types/ws@8.18.1':
    resolution: {integrity: sha512-ThVF6DCVhA8kUGy+aazFQ4kXQ7E1Ty7A3ypFOe0IcJV8O/M511G99AW24irKrW56Wt44yG9+ij8FaqoBGkuBXg==}

  '@vladfrangu/async_event_emitter@2.4.7':
    resolution: {integrity: sha512-Xfe6rpCTxSxfbswi/W/Pz7zp1WWSNn4A0eW4mLkQUewCrXXtMj31lCg+iQyTkh/CkusZSq9eDflu7tjEDXUY6g==}
    engines: {node: '>=v14.0.0', npm: '>=7.0.0'}

  abort-controller@3.0.0:
    resolution: {integrity: sha512-h8lQ8tacZYnR3vNQTgibj+tODHI5/+l06Au2Pcriv/Gmet0eaj4TwWH41sO9wnHDiQsEj19q0drzdWdeAHtweg==}
    engines: {node: '>=6.5'}

  any-base@1.1.0:
    resolution: {integrity: sha512-uMgjozySS8adZZYePpaWs8cxB9/kdzmpX6SgJZ+wbz1K5eYk5QMYDVJaZKhxyIHUdnnJkfR7SVgStgH7LkGUyg==}

  base64-js@1.5.1:
    resolution: {integrity: sha512-AKpaYlHn8t4SVbOHCy+b5+KKgvR4vrsD8vbvrbiQJps7fKDTkjkDry6ji0rUJjC0kzbNePLwzxq8iypo41qeWA==}

  bignumber.js@9.0.0:
    resolution: {integrity: sha512-t/OYhhJ2SD+YGBQcjY8GzzDHEk9f3nerxjtfa6tlMXfe7frs/WozhvCNoGvpM0P3bNf3Gq5ZRMlGr5f3r4/N8A==}

  bmp-js@0.1.0:
    resolution: {integrity: sha512-vHdS19CnY3hwiNdkaqk93DvjVLfbEcI8mys4UjuWrlX1haDmroo8o4xCzh4wD6DGV6HxRCyauwhHRqMTfERtjw==}

  boolbase@1.0.0:
    resolution: {integrity: sha512-JZOSA7Mo9sNGB8+UjSgzdLtokWAky1zbztM3WRLCbZ70/3cTANmQmOdR7y2g+J0e2WXywy1yS468tY+IruqEww==}

  buffer-equal@0.0.1:
    resolution: {integrity: sha512-RgSV6InVQ9ODPdLWJ5UAqBqJBOg370Nz6ZQtRzpt6nUjc8v0St97uJ4PYC6NztqIScrAXafKM3mZPMygSe1ggA==}
    engines: {node: '>=0.4.0'}

  buffer@5.7.1:
    resolution: {integrity: sha512-EHcyIPBQ4BSGlvjB16k5KgAJ27CIsHY/2JBmCRReo48y9rQ3MaUzWX3KVlBa4U7MyX02HdVj0K7C3WaB3ju7FQ==}

  buffer@6.0.3:
    resolution: {integrity: sha512-FTiCpNxtwiZZHEZbcbTIcZjERVICn9yq/pDFkTl95/AxzD1naBctN7YO68riM/gLSDY7sdrMby8hofADYuuqOA==}

  centra@2.7.0:
    resolution: {integrity: sha512-PbFMgMSrmgx6uxCdm57RUos9Tc3fclMvhLSATYN39XsDV29B89zZ3KA89jmY0vwSGazyU+uerqwa6t+KaodPcg==}

  cheerio-select@2.1.0:
    resolution: {integrity: sha512-9v9kG0LvzrlcungtnJtpGNxY+fzECQKhK4EGJX2vByejiMX84MFNQw4UxPJl3bFbTMw+Dfs37XaIkCwTZfLh4g==}

  cheerio@1.0.0-rc.12:
    resolution: {integrity: sha512-VqR8m68vM46BNnuZ5NtnGBKIE/DfN0cRIzg9n40EIq9NOv90ayxLBXA8fXC5gquFRGJSTRqBq25Jt2ECLR431Q==}
    engines: {node: '>= 6'}

  core-util-is@1.0.3:
    resolution: {integrity: sha512-ZQBvi1DcpJ4GDqanjucZ2Hj3wEO5pZDS89BWbkcrvdxksJorwUDDZamX9ldFkp9aw2lmBDLgkObEA4DWNJ9FYQ==}

  cron@3.5.0:
    resolution: {integrity: sha512-0eYZqCnapmxYcV06uktql93wNWdlTmmBFP2iYz+JPVcQqlyFYcn1lFuIk4R54pkOmE7mcldTAPZv6X5XA4Q46A==}

  css-select@5.1.0:
    resolution: {integrity: sha512-nwoRF1rvRRnnCqqY7updORDsuqKzqYJ28+oSMaJMMgOauh3fvwHqMS7EZpIPqK8GL+g9mKxF1vP/ZjSeNjEVHg==}

  css-what@6.1.0:
    resolution: {integrity: sha512-HTUrgRJ7r4dsZKU6GjmpfRK1O76h97Z8MfS1G0FozR+oF2kG6Vfe8JE6zwrkbxigziPHinCJ+gCPjA9EaBDtRw==}
    engines: {node: '>= 6'}

  data-uri-to-buffer@4.0.1:
    resolution: {integrity: sha512-0R9ikRb668HB7QDxT1vkpuUBtqc53YyAwMwGeUFKRojY/NWKvdZ+9UYtRfGmhqNbRkTSVpMbmyhXipFFv2cb/A==}
    engines: {node: '>= 12'}

  discord-api-types@0.38.31:
    resolution: {integrity: sha512-kC94ANsk8ackj8ENTuO8joTNEL0KtymVhHy9dyEC/s4QAZ7GCx40dYEzQaadyo8w+oP0X8QydE/nzAWRylTGtQ==}

  discord.js@14.24.0:
    resolution: {integrity: sha512-KNq/ekT8bsmT3ZAfVre8cPbl+DfVYSdlLnDmGZPoz7Cw21LYeWHllRA9MivqNq5b1GPGAxGvyUN1vxbTb/PQWw==}
    engines: {node: '>=18'}

  dom-serializer@2.0.0:
    resolution: {integrity: sha512-wIkAryiqt/nV5EQKqQpo3SToSOV9J0DnbJqwK7Wv/Trc92zIAYZ4FlMu+JPFW1DfGFt81ZTCGgDEabffXeLyJg==}

  dom-walk@0.1.2:
    resolution: {integrity: sha512-6QvTW9mrGeIegrFXdtQi9pk7O/nSK6lSdXW2eqUspN5LWD7UTji2Fqw5V2YLjBpHEoU9Xl/eUWNpDeZvoyOv2w==}

  domelementtype@2.3.0:
    resolution: {integrity: sha512-OLETBj6w0OsagBwdXnPdN0cnMfF9opN69co+7ZrbfPGrdpPVNBUj02spi6B1N7wChLQiPn4CSH/zJvXw56gmHw==}

  domhandler@5.0.3:
    resolution: {integrity: sha512-cgwlv/1iFQiFnU96XXgROh8xTeetsnJiDsTc7TYCLFd9+/WNkIqPTxiM/8pSd8VIrhXGTf1Ny1q1hquVqDJB5w==}
    engines: {node: '>= 4'}

  domutils@3.2.2:
    resolution: {integrity: sha512-6kZKyUajlDuqlHKVX1w7gyslj9MPIXzIFiz/rGu35uC1wMi+kMhQwGhl4lt9unC9Vb9INnY9Z3/ZA3+FhASLaw==}

  entities@4.5.0:
    resolution: {integrity: sha512-V0hjH4dGPh9Ao5p0MoRY6BVqtwCjhz6vI5LT8AJ55H+4g9/4vbHx1I54fS0XuclLhDHArPQCiMjDxjaL8fPxhw==}
    engines: {node: '>=0.12'}

  entities@6.0.0:
    resolution: {integrity: sha512-aKstq2TDOndCn4diEyp9Uq/Flu2i1GlLkc6XIDQSDMuaFE3OPW5OphLCyQ5SpSJZTb4reN+kTcYru5yIfXoRPw==}
    engines: {node: '>=0.12'}

  event-target-shim@5.0.1:
    resolution: {integrity: sha512-i/2XbnSz/uxRCU6+NdVJgKWDTM427+MqYbkQzD321DuCQJUqOuJKIA0IM2+W2xtYHdKOmZ4dR6fExsd4SXL+WQ==}
    engines: {node: '>=6'}

  events@3.3.0:
    resolution: {integrity: sha512-mQw+2fkQbALzQ7V0MY0IqdnXNOeTtP4r0lN9z7AAawCXgqea7bDii20AYrIBrFd/Hx0M2Ocz6S111CaFkUcb0Q==}
    engines: {node: '>=0.8.x'}

  exif-parser@0.1.12:
    resolution: {integrity: sha512-c2bQfLNbMzLPmzQuOr8fy0csy84WmwnER81W88DzTp9CYNPJ6yzOj2EZAh9pywYpqHnshVLHQJ8WzldAyfY+Iw==}

  fast-deep-equal@3.1.3:
    resolution: {integrity: sha512-f3qQ9oQy9j2AhBe/H9VC91wLmKBCCU/gDOnKNAYG5hswO7BLKj09Hc5HYNz9cGI++xlpDCIgDaitVs03ATR84Q==}

  fetch-blob@3.2.0:
    resolution: {integrity: sha512-7yAQpD2UMJzLi1Dqv7qFYnPbaPx7ZfFK6PiIxQ4PfkGPyNyl2Ugx+a/umUonmKqjhM4DnfbMvdX6otXq83soQQ==}
    engines: {node: ^12.20 || >= 14.13}

  file-type@16.5.4:
    resolution: {integrity: sha512-/yFHK0aGjFEgDJjEKP0pWCplsPFPhwyfwevf/pVxiN0tmE4L9LmwWxWukdJSHdoCli4VgQLehjJtwQBnqmsKcw==}
    engines: {node: '>=10'}

  follow-redirects@1.15.9:
    resolution: {integrity: sha512-gew4GsXizNgdoRyqmyfMHyAmXsZDk6mHkSxZFCzW9gwlbtOW44CDtYavM+y+72qD/Vq2l550kMF52DT8fOLJqQ==}
    engines: {node: '>=4.0'}
    peerDependencies:
      debug: '*'
    peerDependenciesMeta:
      debug:
        optional: true

  formdata-polyfill@4.0.10:
    resolution: {integrity: sha512-buewHzMvYL29jdeQTVILecSaZKnt/RJWjoZCF5OW60Z67/GmSLBkOFM7qh1PI3zFNtJbaZL5eQu1vLfazOwj4g==}
    engines: {node: '>=12.20.0'}

  gifwrap@0.10.1:
    resolution: {integrity: sha512-2760b1vpJHNmLzZ/ubTtNnEx5WApN/PYWJvXvgS+tL1egTTthayFYIQQNi136FLEDcN/IyEY2EcGpIITD6eYUw==}

  global@4.4.0:
    resolution: {integrity: sha512-wv/LAoHdRE3BeTGz53FAamhGlPLhlssK45usmGFThIi4XqnBmjKQ16u+RNbP7WvigRZDxUsM0J3gcQ5yicaL0w==}

  htmlparser2@8.0.2:
    resolution: {integrity: sha512-GYdjWKDkbRLkZ5geuHs5NY1puJ+PXwP7+fHPRz06Eirsb9ugf6d8kkXav6ADhcODhFFPMIXyxkxSuMf3D6NCFA==}

  ieee754@1.2.1:
    resolution: {integrity: sha512-dcyqhDvX1C46lXZcVqCpK+FtMRQVdIMN6/Df5js2zouUsqG7I6sFxitIC+7KYK29KdXOLHdu9zL4sFnoVQnqaA==}

  image-q@4.0.0:
    resolution: {integrity: sha512-PfJGVgIfKQJuq3s0tTDOKtztksibuUEbJQIYT3by6wctQo+Rdlh7ef4evJ5NCdxY4CfMbvFkocEwbl4BF8RlJw==}

  inherits@2.0.4:
    resolution: {integrity: sha512-k/vGaX4/Yla3WzyMCvTQOXYeIHvqOKtnqBduzTHpzpQZzAskKMhZ2K+EnBiSM9zGSoIFeMpXKxa4dYeZIQqewQ==}

  is-function@1.0.2:
    resolution: {integrity: sha512-lw7DUp0aWXYg+CBCN+JKkcE0Q2RayZnSvnZBlwgxHBQhqt5pZNVy4Ri7H9GmmXkdu7LUthszM+Tor1u/2iBcpQ==}

  isarray@1.0.0:
    resolution: {integrity: sha512-VLghIWNM6ELQzo7zwmcg0NmTVyWKYjvIeM83yjp0wRDTmUnrM678fQbcKBo6n2CJEF0szoG//ytg+TKla89ALQ==}

  isomorphic-fetch@3.0.0:
    resolution: {integrity: sha512-qvUtwJ3j6qwsF3jLxkZ72qCgjMysPzDfeV240JHiGZsANBYd+EEuu35v7dfrJ9Up0Ak07D7GGSkGhCHTqg/5wA==}

  jimp@0.22.12:
    resolution: {integrity: sha512-R5jZaYDnfkxKJy1dwLpj/7cvyjxiclxU3F4TrI/J4j2rS0niq6YDUMoPn5hs8GDpO+OZGo7Ky057CRtWesyhfg==}

  jpeg-js@0.1.2:
    resolution: {integrity: sha512-CiRVjMKBUp6VYtGwzRjrdnro41yMwKGOWdP9ATXqmixdz2n7KHNwdqthTYSSbOKj/Ha79Gct1sA8ZQpse55TYA==}

  jpeg-js@0.4.4:
    resolution: {integrity: sha512-WZzeDOEtTOBK4Mdsar0IqEU5sMr3vSV2RqkAIzUEV2BHnUfKGyswWFPFwK5EeDo93K3FohSHbLAjj0s1Wzd+dg==}

  load-bmfont@1.4.2:
    resolution: {integrity: sha512-qElWkmjW9Oq1F9EI5Gt7aD9zcdHb9spJCW1L/dmPf7KzCCEJxq8nhHz5eCgI9aMf7vrG/wyaCqdsI+Iy9ZTlog==}

  lodash.snakecase@4.1.1:
    resolution: {integrity: sha512-QZ1d4xoBHYUeuouhEq3lk3Uq7ldgyFXGBhg04+oRLnIz8o9T65Eh+8YdroUwn846zchkA9yDsDl5CVVaV2nqYw==}

  lodash@4.17.21:
    resolution: {integrity: sha512-v2kDEe57lecTulaDIuNTPy3Ry4gLGJ6Z1O3vE1krgXZNrsQ+LFTGHVxVjcXPs17LhbZVGedAJv8XZ1tvj5FvSg==}

  luxon@3.5.0:
    resolution: {integrity: sha512-rh+Zjr6DNfUYR3bPwJEnuwDdqMbxZW7LOQfUN4B54+Cl+0o5zaU9RJ6bcidfDtC1cWCZXQ+nvX8bf6bAji37QQ==}
    engines: {node: '>=12'}

  magic-bytes.js@1.12.1:
    resolution: {integrity: sha512-ThQLOhN86ZkJ7qemtVRGYM+gRgR8GEXNli9H/PMvpnZsE44Xfh3wx9kGJaldg314v85m+bFW6WBMaVHJc/c3zA==}

  mime@1.6.0:
    resolution: {integrity: sha512-x0Vn8spI+wuJ1O6S7gnbaQg8Pxh4NNHb7KSINmEWKiPE4RKOplvijn+NkmYmmRgP68mc70j2EbeTFRsrswaQeg==}
    engines: {node: '>=4'}
    hasBin: true

  min-document@2.19.0:
    resolution: {integrity: sha512-9Wy1B3m3f66bPPmU5hdA4DR4PB2OfDU/+GS3yAB7IQozE3tqXaVv2zOjgla7MEGSRv95+ILmOuvhLkOK6wJtCQ==}

  mysql@2.18.1:
    resolution: {integrity: sha512-Bca+gk2YWmqp2Uf6k5NFEurwY/0td0cpebAucFpY/3jhrwrVGuxU2uQFCHjU19SJfje0yQvi+rVWdq78hR5lig==}
    engines: {node: '>= 0.6'}

  node-domexception@1.0.0:
    resolution: {integrity: sha512-/jKZoMpw0F8GRwl4/eLROPA3cfcXtLApP0QzLmUT/HuPCZWyB7IY9ZrMeKw2O/nFIqPQB3PVM9aYm0F312AXDQ==}
    engines: {node: '>=10.5.0'}
    deprecated: Use your platform's native DOMException instead

  node-fetch@2.7.0:
    resolution: {integrity: sha512-c4FRfUm/dbcWZ7U+1Wq0AwCyFL+3nt2bEw05wfxSz+DWpWsitgmSgYmy2dQdWyKC1694ELPqMs/YzUSNozLt8A==}
    engines: {node: 4.x || >=6.0.0}
    peerDependencies:
      encoding: ^0.1.0
    peerDependenciesMeta:
      encoding:
        optional: true

  node-fetch@3.3.2:
    resolution: {integrity: sha512-dRB78srN/l6gqWulah9SrxeYnxeddIG30+GOqK/9OlLVyLg3HPnr6SqOWTWOXKRwC2eGYCkZ59NNuSgvSrpgOA==}
    engines: {node: ^12.20.0 || ^14.13.1 || >=16.0.0}

  nth-check@2.1.1:
    resolution: {integrity: sha512-lqjrjmaOoAnWfMmBPL+XNnynZh2+swxiX3WUE0s4yEHI6m+AwrK2UZOimIRl3X/4QctVqS8AiZjFqyOGrMXb/w==}

  omggif@1.0.10:
    resolution: {integrity: sha512-LMJTtvgc/nugXj0Vcrrs68Mn2D1r0zf630VNtqtpI1FEO7e+O9FP4gqs9AcnBaSEeoHIPm28u6qgPR0oyEpGSw==}

  pako@1.0.11:
    resolution: {integrity: sha512-4hLB8Py4zZce5s4yd9XzopqwVv/yGNhV1Bl8NTmCq1763HeK2+EwVTv+leGeL13Dnh2wfbqowVPXCIO0z4taYw==}

  parse-bmfont-ascii@1.0.6:
    resolution: {integrity: sha512-U4RrVsUFCleIOBsIGYOMKjn9PavsGOXxbvYGtMOEfnId0SVNsgehXh1DxUdVPLoxd5mvcEtvmKs2Mmf0Mpa1ZA==}

  parse-bmfont-binary@1.0.6:
    resolution: {integrity: sha512-GxmsRea0wdGdYthjuUeWTMWPqm2+FAd4GI8vCvhgJsFnoGhTrLhXDDupwTo7rXVAgaLIGoVHDZS9p/5XbSqeWA==}

  parse-bmfont-xml@1.1.6:
    resolution: {integrity: sha512-0cEliVMZEhrFDwMh4SxIyVJpqYoOWDJ9P895tFuS+XuNzI5UBmBk5U5O4KuJdTnZpSBI4LFA2+ZiJaiwfSwlMA==}

  parse-headers@2.0.6:
    resolution: {integrity: sha512-Tz11t3uKztEW5FEVZnj1ox8GKblWn+PvHY9TmJV5Mll2uHEwRdR/5Li1OlXoECjLYkApdhWy44ocONwXLiKO5A==}

  parse5-htmlparser2-tree-adapter@7.1.0:
    resolution: {integrity: sha512-ruw5xyKs6lrpo9x9rCZqZZnIUntICjQAd0Wsmp396Ul9lN/h+ifgVV1x1gZHi8euej6wTfpqX8j+BFQxF0NS/g==}

  parse5@7.3.0:
    resolution: {integrity: sha512-IInvU7fabl34qmi9gY8XOVxhYyMyuH2xUNpb2q8/Y+7552KlejkRvqvD19nMoUW/uQGGbqNpA6Tufu5FL5BZgw==}

  pdf-images@1.3.3:
    resolution: {integrity: sha512-vbmIhHgrUPAqTRHnYMY7QCGizY16Cc/R1VYTSp/Z57DWXufUDO2OK7QiHvneQaay6br06NG8vanhTkQgtQR2LQ==}

  peek-readable@4.1.0:
    resolution: {integrity: sha512-ZI3LnwUv5nOGbQzD9c2iDG6toheuXSZP5esSHBjopsXH4dg19soufvpUGA3uohi5anFtGb2lhAVdHzH6R/Evvg==}
    engines: {node: '>=8'}

  phin@3.7.1:
    resolution: {integrity: sha512-GEazpTWwTZaEQ9RhL7Nyz0WwqilbqgLahDM3D0hxWwmVDI52nXEybHqiN6/elwpkJBhcuj+WbBu+QfT0uhPGfQ==}
    engines: {node: '>= 8'}
    deprecated: Package no longer supported. Contact Support at https://www.npmjs.com/support for more info.

  pify@2.3.0:
    resolution: {integrity: sha512-udgsAY+fTnvv7kI7aaxbqwWNb0AHiB0qBO89PZKPkoTmGOgdbrHDKD+0B2X4uTfJ/FT1R09r9gTsjUjNJotuog==}
    engines: {node: '>=0.10.0'}

  pixelmatch@4.0.2:
    resolution: {integrity: sha512-J8B6xqiO37sU/gkcMglv6h5Jbd9xNER7aHzpfRdNmV4IbQBzBpe4l9XmbG+xPF/znacgu2jfEw+wHffaq/YkXA==}
    hasBin: true

  png-js@0.1.1:
    resolution: {integrity: sha512-NTtk2SyfjBm+xYl2/VZJBhFnTQ4kU5qWC7VC4/iGbrgiU4FuB4xC+74erxADYJIqZICOR1HCvRA7EBHkpjTg9g==}

  png-to-jpeg@1.0.1:
    resolution: {integrity: sha512-3M0hMY84ocnH3pKu+i4GYo5x7OaQPhudCKYjCUxiykh9/wQM1GZOmlsRifxzINeZREIsIBjD2tYt1KsAdgnSkg==}
    engines: {node: '>=4'}

  pngjs@3.4.0:
    resolution: {integrity: sha512-NCrCHhWmnQklfH4MtJMRjZ2a8c80qXeMlQMv2uVp9ISJMTt562SbGd6n2oq0PaPgKm7Z6pL9E2UlLIhC+SHL3w==}
    engines: {node: '>=4.0.0'}

  pngjs@6.0.0:
    resolution: {integrity: sha512-TRzzuFRRmEoSW/p1KVAmiOgPco2Irlah+bGFCeNfJXxxYGwSw7YwAOAcd7X28K/m5bjBWKsC29KyoMfHbypayg==}
    engines: {node: '>=12.13.0'}

  process-nextick-args@2.0.1:
    resolution: {integrity: sha512-3ouUOpQhtgrbOa17J7+uxOTpITYWaGP7/AhoR3+A+/1e9skrzelGi/dXzEYyvbxubEF6Wn2ypscTKiKJFFn1ag==}

  process@0.11.10:
    resolution: {integrity: sha512-cdGef/drWFoydD1JsMzuFf8100nZl+GT+yacc2bEced5f9Rjk4z+WtFUTBu9PhOi9j/jfmBPu0mMEY4wIdAF8A==}
    engines: {node: '>= 0.6.0'}

  readable-stream@2.3.7:
    resolution: {integrity: sha512-Ebho8K4jIbHAxnuxi7o42OrZgF/ZTNcsZj6nRKyUmkhLFq8CHItp/fy6hQZuZmP/n3yZ9VBUbp4zz/mX8hmYPw==}

  readable-stream@4.7.0:
    resolution: {integrity: sha512-oIGGmcpTLwPga8Bn6/Z75SVaH1z5dUut2ibSyAMVhmUggWpmDn2dapB0n7f8nwaSiRtepAsfJyfXIO5DCVAODg==}
    engines: {node: ^12.22.0 || ^14.17.0 || >=16.0.0}

  readable-web-to-node-stream@3.0.4:
    resolution: {integrity: sha512-9nX56alTf5bwXQ3ZDipHJhusu9NTQJ/CVPtb/XHAJCXihZeitfJvIRS4GqQ/mfIoOE3IelHMrpayVrosdHBuLw==}
    engines: {node: '>=8'}

  regenerator-runtime@0.13.11:
    resolution: {integrity: sha512-kY1AZVr2Ra+t+piVaJ4gxaFaReZVH40AKNo7UCX6W+dEwBo/2oZJzqfuN1qLq1oL45o56cPaTXELwrTh8Fpggg==}

  safe-buffer@5.1.2:
    resolution: {integrity: sha512-Gd2UZBJDkXlY7GbJxfsE8/nvKkUEU1G38c1siN6QP6a9PT9MmHB8GnpscSmMJSoF8LOIrt8ud/wPtojys4G6+g==}

  safe-buffer@5.2.1:
    resolution: {integrity: sha512-rp3So07KcdmmKbGvgaNxQSJr7bGVSVk5S9Eq1F+ppbRo70+YeaDxkw5Dd8NPN+GD6bjnYm2VuPuCXmpuYvmCXQ==}

  sax@1.4.1:
    resolution: {integrity: sha512-+aWOz7yVScEGoKNd4PA10LZ8sk0A/z5+nXQG5giUO5rprX9jgYsTdov9qCchZiPIZezbZH+jRut8nPodFAX4Jg==}

  sqlstring@2.3.1:
    resolution: {integrity: sha512-ooAzh/7dxIG5+uDik1z/Rd1vli0+38izZhGzSa34FwR7IbelPWCCKSNIl8jlL/F7ERvy8CB2jNeM1E9i9mXMAQ==}
    engines: {node: '>= 0.6'}

  string_decoder@1.1.1:
    resolution: {integrity: sha512-n/ShnvDi6FHbbVfviro+WojiFzv+s8MPMHBczVePfUpDJLwoLT0ht1l4YwBCbi8pJAveEEdnkHyPyTP/mzRfwg==}

  string_decoder@1.3.0:
    resolution: {integrity: sha512-hkRX8U1WjJFd8LsDJ2yQ/wWWxaopEsABU1XfkM8A+j0+85JAGppt16cr1Whg6KIbb4okU6Mql6BOj+uup/wKeA==}

  strtok3@6.3.0:
    resolution: {integrity: sha512-fZtbhtvI9I48xDSywd/somNqgUHl2L2cstmXCCif0itOf96jeW18MBSyrLuNicYQVkvpOxkZtkzujiTJ9LW5Jw==}
    engines: {node: '>=10'}

  timm@1.7.1:
    resolution: {integrity: sha512-IjZc9KIotudix8bMaBW6QvMuq64BrJWFs1+4V0lXwWGQZwH+LnX87doAYhem4caOEusRP9/g6jVDQmZ8XOk1nw==}

  tinycolor2@1.6.0:
    resolution: {integrity: sha512-XPaBkWQJdsf3pLKJV9p4qN/S+fm2Oj8AIPo1BTUhg5oxkvm9+SVEGFdhyOz7tTdUTfvxMiAs4sp6/eZO2Ew+pw==}

  token-types@4.2.1:
    resolution: {integrity: sha512-6udB24Q737UD/SDsKAHI9FCRP7Bqc9D/MQUV02ORQg5iskjtLJlZJNdN4kKtcdtwCeWIwIHDGaUsTsCCAa8sFQ==}
    engines: {node: '>=10'}

  tr46@0.0.3:
    resolution: {integrity: sha512-N3WMsuqV66lT30CrXNbEjx4GEwlow3v6rr4mCcv6prnfwhS01rkgyFdjPNBYd9br7LpXV1+Emh01fHnq2Gdgrw==}

  ts-mixer@6.0.4:
    resolution: {integrity: sha512-ufKpbmrugz5Aou4wcr5Wc1UUFWOLhq+Fm6qa6P0w0K5Qw2yhaUoiWszhCVuNQyNwrlGiscHOmqYoAox1PtvgjA==}

  tslib@2.8.1:
    resolution: {integrity: sha512-oJFu94HQb+KVduSUQL7wnpmqnfmLsOA/nAh6b6EH0wCEoK0/mPeXU6c3wKDV83MkOuHPRHtSXKKU99IBazS/2w==}

  undici-types@7.16.0:
    resolution: {integrity: sha512-Zz+aZWSj8LE6zoxD+xrjh4VfkIG8Ya6LvYkZqtUQGJPZjYl53ypCaUwWqo7eI0x66KBGeRo+mlBEkMSeSZ38Nw==}

  undici@6.21.3:
    resolution: {integrity: sha512-gBLkYIlEnSp8pFbT64yFgGE6UIB9tAkhukC23PmMDCe5Nd+cRqKxSjw5y54MK2AZMgZfJWMaNE4nYUHgi1XEOw==}
    engines: {node: '>=18.17'}

  utif2@4.1.0:
    resolution: {integrity: sha512-+oknB9FHrJ7oW7A2WZYajOcv4FcDR4CfoGB0dPNfxbi4GO05RRnFmt5oa23+9w32EanrYcSJWspUiJkLMs+37w==}

  util-deprecate@1.0.2:
    resolution: {integrity: sha512-EPD5q1uXyFxJpCrLnCc1nHnq3gOa6DZBocAIiI2TaSCA7VCJ1UJDMagCzIkXNsUYfD1daK//LTEQ8xiIbrHtcw==}

  web-streams-polyfill@3.3.3:
    resolution: {integrity: sha512-d2JWLCivmZYTSIoge9MsgFCZrt571BikcWGYkjC1khllbTeDlGqZ2D8vD8E/lJa8WGWbb7Plm8/XJYV7IJHZZw==}
    engines: {node: '>= 8'}

  webidl-conversions@3.0.1:
    resolution: {integrity: sha512-2JAn3z8AR6rjK8Sm8orRC0h/bcl/DqL7tRPdGZ4I1CjdF+EaMLmYxBHyXuKL849eucPFhvBoxMsflfOb8kxaeQ==}

  whatwg-fetch@3.6.20:
    resolution: {integrity: sha512-EqhiFU6daOA8kpjOWTL0olhVOF3i7OrFzSYiGsEMB8GcXS+RrzauAERX65xMeNWVqxA6HXH2m69Z9LaKKdisfg==}

  whatwg-url@5.0.0:
    resolution: {integrity: sha512-saE57nupxk6v3HY35+jzBwYa0rKSy0XR8JSxZPwgLr7ys0IBzhGviA1/TUGJLmSVqs8pb9AnvICXEuOHLprYTw==}

  ws@8.18.3:
    resolution: {integrity: sha512-PEIGCY5tSlUt50cqyMXfCzX+oOPqN0vuGqWzbcJ2xvnkzkq46oOpz7dQaTDBdfICb4N14+GARUDw2XV2N4tvzg==}
    engines: {node: '>=10.0.0'}
    peerDependencies:
      bufferutil: ^4.0.1
      utf-8-validate: '>=5.0.2'
    peerDependenciesMeta:
      bufferutil:
        optional: true
      utf-8-validate:
        optional: true

  xhr@2.6.0:
    resolution: {integrity: sha512-/eCGLb5rxjx5e3mF1A7s+pLlR6CGyqWN91fv1JgER5mVWg1MZmlhBvy9kjcsOdRk8RrIujotWyJamfyrp+WIcA==}

  xml-parse-from-string@1.0.1:
    resolution: {integrity: sha512-ErcKwJTF54uRzzNMXq2X5sMIy88zJvfN2DmdoQvy7PAFJ+tPRU6ydWuOKNMyfmOjdyBQTFREi60s0Y0SyI0G0g==}

  xml2js@0.5.0:
    resolution: {integrity: sha512-drPFnkQJik/O+uPKpqSgr22mpuFHqKdbS835iAQrUC73L2F5WkboIRd63ai/2Yg6I1jzifPFKH2NTK+cfglkIA==}
    engines: {node: '>=4.0.0'}

  xmlbuilder@11.0.1:
    resolution: {integrity: sha512-fDlsI/kFEx7gLvbecc0/ohLG50fugQp8ryHzMTuW9vSa1GJ0XYWKnhsUx7oie3G98+r56aTQIUB4kht42R3JvA==}
    engines: {node: '>=4.0'}

  xtend@4.0.2:
    resolution: {integrity: sha512-LKYU1iAXJXUgAXn9URjiu+MWhyUXHsvfp7mcuYm9dSUKK0/CjtrUwFAxD82/mCWbtLsGjFIad0wIsod4zrTAEQ==}
    engines: {node: '>=0.4'}

snapshots:

  '@discordjs/builders@1.13.0':
    dependencies:
      '@discordjs/formatters': 0.6.1
      '@discordjs/util': 1.1.1
      '@sapphire/shapeshift': 4.0.0
      discord-api-types: 0.38.31
      fast-deep-equal: 3.1.3
      ts-mixer: 6.0.4
      tslib: 2.8.1

  '@discordjs/collection@1.5.3': {}

  '@discordjs/collection@2.1.1': {}

  '@discordjs/formatters@0.6.1':
    dependencies:
      discord-api-types: 0.38.31

  '@discordjs/rest@2.6.0':
    dependencies:
      '@discordjs/collection': 2.1.1
      '@discordjs/util': 1.1.1
      '@sapphire/async-queue': 1.5.5
      '@sapphire/snowflake': 3.5.3
      '@vladfrangu/async_event_emitter': 2.4.7
      discord-api-types: 0.38.31
      magic-bytes.js: 1.12.1
      tslib: 2.8.1
      undici: 6.21.3

  '@discordjs/util@1.1.1': {}

  '@discordjs/ws@1.2.3':
    dependencies:
      '@discordjs/collection': 2.1.1
      '@discordjs/rest': 2.6.0
      '@discordjs/util': 1.1.1
      '@sapphire/async-queue': 1.5.5
      '@types/ws': 8.18.1
      '@vladfrangu/async_event_emitter': 2.4.7
      discord-api-types: 0.38.31
      tslib: 2.8.1
      ws: 8.18.3
    transitivePeerDependencies:
      - bufferutil
      - utf-8-validate

  '@jimp/bmp@0.22.12(@jimp/custom@0.22.12)':
    dependencies:
      '@jimp/custom': 0.22.12
      '@jimp/utils': 0.22.12
      bmp-js: 0.1.0

  '@jimp/core@0.22.12':
    dependencies:
      '@jimp/utils': 0.22.12
      any-base: 1.1.0
      buffer: 5.7.1
      exif-parser: 0.1.12
      file-type: 16.5.4
      isomorphic-fetch: 3.0.0
      pixelmatch: 4.0.2
      tinycolor2: 1.6.0
    transitivePeerDependencies:
      - encoding

  '@jimp/custom@0.22.12':
    dependencies:
      '@jimp/core': 0.22.12
    transitivePeerDependencies:
      - encoding

  '@jimp/gif@0.22.12(@jimp/custom@0.22.12)':
    dependencies:
      '@jimp/custom': 0.22.12
      '@jimp/utils': 0.22.12
      gifwrap: 0.10.1
      omggif: 1.0.10

  '@jimp/jpeg@0.22.12(@jimp/custom@0.22.12)':
    dependencies:
      '@jimp/custom': 0.22.12
      '@jimp/utils': 0.22.12
      jpeg-js: 0.4.4

  '@jimp/plugin-blit@0.22.12(@jimp/custom@0.22.12)':
    dependencies:
      '@jimp/custom': 0.22.12
      '@jimp/utils': 0.22.12

  '@jimp/plugin-blur@0.22.12(@jimp/custom@0.22.12)':
    dependencies:
      '@jimp/custom': 0.22.12
      '@jimp/utils': 0.22.12

  '@jimp/plugin-circle@0.22.12(@jimp/custom@0.22.12)':
    dependencies:
      '@jimp/custom': 0.22.12
      '@jimp/utils': 0.22.12

  '@jimp/plugin-color@0.22.12(@jimp/custom@0.22.12)':
    dependencies:
      '@jimp/custom': 0.22.12
      '@jimp/utils': 0.22.12
      tinycolor2: 1.6.0

  '@jimp/plugin-contain@0.22.12(@jimp/custom@0.22.12)(@jimp/plugin-blit@0.22.12(@jimp/custom@0.22.12))(@jimp/plugin-resize@0.22.12(@jimp/custom@0.22.12))(@jimp/plugin-scale@0.22.12(@jimp/custom@0.22.12)(@jimp/plugin-resize@0.22.12(@jimp/custom@0.22.12)))':
    dependencies:
      '@jimp/custom': 0.22.12
      '@jimp/plugin-blit': 0.22.12(@jimp/custom@0.22.12)
      '@jimp/plugin-resize': 0.22.12(@jimp/custom@0.22.12)
      '@jimp/plugin-scale': 0.22.12(@jimp/custom@0.22.12)(@jimp/plugin-resize@0.22.12(@jimp/custom@0.22.12))
      '@jimp/utils': 0.22.12

  '@jimp/plugin-cover@0.22.12(@jimp/custom@0.22.12)(@jimp/plugin-crop@0.22.12(@jimp/custom@0.22.12))(@jimp/plugin-resize@0.22.12(@jimp/custom@0.22.12))(@jimp/plugin-scale@0.22.12(@jimp/custom@0.22.12)(@jimp/plugin-resize@0.22.12(@jimp/custom@0.22.12)))':
    dependencies:
      '@jimp/custom': 0.22.12
      '@jimp/plugin-crop': 0.22.12(@jimp/custom@0.22.12)
      '@jimp/plugin-resize': 0.22.12(@jimp/custom@0.22.12)
      '@jimp/plugin-scale': 0.22.12(@jimp/custom@0.22.12)(@jimp/plugin-resize@0.22.12(@jimp/custom@0.22.12))
      '@jimp/utils': 0.22.12

  '@jimp/plugin-crop@0.22.12(@jimp/custom@0.22.12)':
    dependencies:
      '@jimp/custom': 0.22.12
      '@jimp/utils': 0.22.12

  '@jimp/plugin-displace@0.22.12(@jimp/custom@0.22.12)':
    dependencies:
      '@jimp/custom': 0.22.12
      '@jimp/utils': 0.22.12

  '@jimp/plugin-dither@0.22.12(@jimp/custom@0.22.12)':
    dependencies:
      '@jimp/custom': 0.22.12
      '@jimp/utils': 0.22.12

  '@jimp/plugin-fisheye@0.22.12(@jimp/custom@0.22.12)':
    dependencies:
      '@jimp/custom': 0.22.12
      '@jimp/utils': 0.22.12

  '@jimp/plugin-flip@0.22.12(@jimp/custom@0.22.12)(@jimp/plugin-rotate@0.22.12(@jimp/custom@0.22.12)(@jimp/plugin-blit@0.22.12(@jimp/custom@0.22.12))(@jimp/plugin-crop@0.22.12(@jimp/custom@0.22.12))(@jimp/plugin-resize@0.22.12(@jimp/custom@0.22.12)))':
    dependencies:
      '@jimp/custom': 0.22.12
      '@jimp/plugin-rotate': 0.22.12(@jimp/custom@0.22.12)(@jimp/plugin-blit@0.22.12(@jimp/custom@0.22.12))(@jimp/plugin-crop@0.22.12(@jimp/custom@0.22.12))(@jimp/plugin-resize@0.22.12(@jimp/custom@0.22.12))
      '@jimp/utils': 0.22.12

  '@jimp/plugin-gaussian@0.22.12(@jimp/custom@0.22.12)':
    dependencies:
      '@jimp/custom': 0.22.12
      '@jimp/utils': 0.22.12

  '@jimp/plugin-invert@0.22.12(@jimp/custom@0.22.12)':
    dependencies:
      '@jimp/custom': 0.22.12
      '@jimp/utils': 0.22.12

  '@jimp/plugin-mask@0.22.12(@jimp/custom@0.22.12)':
    dependencies:
      '@jimp/custom': 0.22.12
      '@jimp/utils': 0.22.12

  '@jimp/plugin-normalize@0.22.12(@jimp/custom@0.22.12)':
    dependencies:
      '@jimp/custom': 0.22.12
      '@jimp/utils': 0.22.12

  '@jimp/plugin-print@0.22.12(@jimp/custom@0.22.12)(@jimp/plugin-blit@0.22.12(@jimp/custom@0.22.12))':
    dependencies:
      '@jimp/custom': 0.22.12
      '@jimp/plugin-blit': 0.22.12(@jimp/custom@0.22.12)
      '@jimp/utils': 0.22.12
      load-bmfont: 1.4.2
    transitivePeerDependencies:
      - debug

  '@jimp/plugin-resize@0.22.12(@jimp/custom@0.22.12)':
    dependencies:
      '@jimp/custom': 0.22.12
      '@jimp/utils': 0.22.12

  '@jimp/plugin-rotate@0.22.12(@jimp/custom@0.22.12)(@jimp/plugin-blit@0.22.12(@jimp/custom@0.22.12))(@jimp/plugin-crop@0.22.12(@jimp/custom@0.22.12))(@jimp/plugin-resize@0.22.12(@jimp/custom@0.22.12))':
    dependencies:
      '@jimp/custom': 0.22.12
      '@jimp/plugin-blit': 0.22.12(@jimp/custom@0.22.12)
      '@jimp/plugin-crop': 0.22.12(@jimp/custom@0.22.12)
      '@jimp/plugin-resize': 0.22.12(@jimp/custom@0.22.12)
      '@jimp/utils': 0.22.12

  '@jimp/plugin-scale@0.22.12(@jimp/custom@0.22.12)(@jimp/plugin-resize@0.22.12(@jimp/custom@0.22.12))':
    dependencies:
      '@jimp/custom': 0.22.12
      '@jimp/plugin-resize': 0.22.12(@jimp/custom@0.22.12)
      '@jimp/utils': 0.22.12

  '@jimp/plugin-shadow@0.22.12(@jimp/custom@0.22.12)(@jimp/plugin-blur@0.22.12(@jimp/custom@0.22.12))(@jimp/plugin-resize@0.22.12(@jimp/custom@0.22.12))':
    dependencies:
      '@jimp/custom': 0.22.12
      '@jimp/plugin-blur': 0.22.12(@jimp/custom@0.22.12)
      '@jimp/plugin-resize': 0.22.12(@jimp/custom@0.22.12)
      '@jimp/utils': 0.22.12

  '@jimp/plugin-threshold@0.22.12(@jimp/custom@0.22.12)(@jimp/plugin-color@0.22.12(@jimp/custom@0.22.12))(@jimp/plugin-resize@0.22.12(@jimp/custom@0.22.12))':
    dependencies:
      '@jimp/custom': 0.22.12
      '@jimp/plugin-color': 0.22.12(@jimp/custom@0.22.12)
      '@jimp/plugin-resize': 0.22.12(@jimp/custom@0.22.12)
      '@jimp/utils': 0.22.12

  '@jimp/plugins@0.22.12(@jimp/custom@0.22.12)':
    dependencies:
      '@jimp/custom': 0.22.12
      '@jimp/plugin-blit': 0.22.12(@jimp/custom@0.22.12)
      '@jimp/plugin-blur': 0.22.12(@jimp/custom@0.22.12)
      '@jimp/plugin-circle': 0.22.12(@jimp/custom@0.22.12)
      '@jimp/plugin-color': 0.22.12(@jimp/custom@0.22.12)
      '@jimp/plugin-contain': 0.22.12(@jimp/custom@0.22.12)(@jimp/plugin-blit@0.22.12(@jimp/custom@0.22.12))(@jimp/plugin-resize@0.22.12(@jimp/custom@0.22.12))(@jimp/plugin-scale@0.22.12(@jimp/custom@0.22.12)(@jimp/plugin-resize@0.22.12(@jimp/custom@0.22.12)))
      '@jimp/plugin-cover': 0.22.12(@jimp/custom@0.22.12)(@jimp/plugin-crop@0.22.12(@jimp/custom@0.22.12))(@jimp/plugin-resize@0.22.12(@jimp/custom@0.22.12))(@jimp/plugin-scale@0.22.12(@jimp/custom@0.22.12)(@jimp/plugin-resize@0.22.12(@jimp/custom@0.22.12)))
      '@jimp/plugin-crop': 0.22.12(@jimp/custom@0.22.12)
      '@jimp/plugin-displace': 0.22.12(@jimp/custom@0.22.12)
      '@jimp/plugin-dither': 0.22.12(@jimp/custom@0.22.12)
      '@jimp/plugin-fisheye': 0.22.12(@jimp/custom@0.22.12)
      '@jimp/plugin-flip': 0.22.12(@jimp/custom@0.22.12)(@jimp/plugin-rotate@0.22.12(@jimp/custom@0.22.12)(@jimp/plugin-blit@0.22.12(@jimp/custom@0.22.12))(@jimp/plugin-crop@0.22.12(@jimp/custom@0.22.12))(@jimp/plugin-resize@0.22.12(@jimp/custom@0.22.12)))
      '@jimp/plugin-gaussian': 0.22.12(@jimp/custom@0.22.12)
      '@jimp/plugin-invert': 0.22.12(@jimp/custom@0.22.12)
      '@jimp/plugin-mask': 0.22.12(@jimp/custom@0.22.12)
      '@jimp/plugin-normalize': 0.22.12(@jimp/custom@0.22.12)
      '@jimp/plugin-print': 0.22.12(@jimp/custom@0.22.12)(@jimp/plugin-blit@0.22.12(@jimp/custom@0.22.12))
      '@jimp/plugin-resize': 0.22.12(@jimp/custom@0.22.12)
      '@jimp/plugin-rotate': 0.22.12(@jimp/custom@0.22.12)(@jimp/plugin-blit@0.22.12(@jimp/custom@0.22.12))(@jimp/plugin-crop@0.22.12(@jimp/custom@0.22.12))(@jimp/plugin-resize@0.22.12(@jimp/custom@0.22.12))
      '@jimp/plugin-scale': 0.22.12(@jimp/custom@0.22.12)(@jimp/plugin-resize@0.22.12(@jimp/custom@0.22.12))
      '@jimp/plugin-shadow': 0.22.12(@jimp/custom@0.22.12)(@jimp/plugin-blur@0.22.12(@jimp/custom@0.22.12))(@jimp/plugin-resize@0.22.12(@jimp/custom@0.22.12))
      '@jimp/plugin-threshold': 0.22.12(@jimp/custom@0.22.12)(@jimp/plugin-color@0.22.12(@jimp/custom@0.22.12))(@jimp/plugin-resize@0.22.12(@jimp/custom@0.22.12))
      timm: 1.7.1
    transitivePeerDependencies:
      - debug

  '@jimp/png@0.22.12(@jimp/custom@0.22.12)':
    dependencies:
      '@jimp/custom': 0.22.12
      '@jimp/utils': 0.22.12
      pngjs: 6.0.0

  '@jimp/tiff@0.22.12(@jimp/custom@0.22.12)':
    dependencies:
      '@jimp/custom': 0.22.12
      utif2: 4.1.0

  '@jimp/types@0.22.12(@jimp/custom@0.22.12)':
    dependencies:
      '@jimp/bmp': 0.22.12(@jimp/custom@0.22.12)
      '@jimp/custom': 0.22.12
      '@jimp/gif': 0.22.12(@jimp/custom@0.22.12)
      '@jimp/jpeg': 0.22.12(@jimp/custom@0.22.12)
      '@jimp/png': 0.22.12(@jimp/custom@0.22.12)
      '@jimp/tiff': 0.22.12(@jimp/custom@0.22.12)
      timm: 1.7.1

  '@jimp/utils@0.22.12':
    dependencies:
      regenerator-runtime: 0.13.11

  '@sapphire/async-queue@1.5.5': {}

  '@sapphire/shapeshift@4.0.0':
    dependencies:
      fast-deep-equal: 3.1.3
      lodash: 4.17.21

  '@sapphire/snowflake@3.5.3': {}

  '@tokenizer/token@0.3.0': {}

  '@types/luxon@3.4.2': {}

  '@types/node@16.9.1': {}

  '@types/node@24.9.1':
    dependencies:
      undici-types: 7.16.0

  '@types/ws@8.18.1':
    dependencies:
      '@types/node': 24.9.1

  '@vladfrangu/async_event_emitter@2.4.7': {}

  abort-controller@3.0.0:
    dependencies:
      event-target-shim: 5.0.1

  any-base@1.1.0: {}

  base64-js@1.5.1: {}

  bignumber.js@9.0.0: {}

  bmp-js@0.1.0: {}

  boolbase@1.0.0: {}

  buffer-equal@0.0.1: {}

  buffer@5.7.1:
    dependencies:
      base64-js: 1.5.1
      ieee754: 1.2.1

  buffer@6.0.3:
    dependencies:
      base64-js: 1.5.1
      ieee754: 1.2.1

  centra@2.7.0:
    dependencies:
      follow-redirects: 1.15.9
    transitivePeerDependencies:
      - debug

  cheerio-select@2.1.0:
    dependencies:
      boolbase: 1.0.0
      css-select: 5.1.0
      css-what: 6.1.0
      domelementtype: 2.3.0
      domhandler: 5.0.3
      domutils: 3.2.2

  cheerio@1.0.0-rc.12:
    dependencies:
      cheerio-select: 2.1.0
      dom-serializer: 2.0.0
      domhandler: 5.0.3
      domutils: 3.2.2
      htmlparser2: 8.0.2
      parse5: 7.3.0
      parse5-htmlparser2-tree-adapter: 7.1.0

  core-util-is@1.0.3: {}

  cron@3.5.0:
    dependencies:
      '@types/luxon': 3.4.2
      luxon: 3.5.0

  css-select@5.1.0:
    dependencies:
      boolbase: 1.0.0
      css-what: 6.1.0
      domhandler: 5.0.3
      domutils: 3.2.2
      nth-check: 2.1.1

  css-what@6.1.0: {}

  data-uri-to-buffer@4.0.1: {}

  discord-api-types@0.38.31: {}

  discord.js@14.24.0:
    dependencies:
      '@discordjs/builders': 1.13.0
      '@discordjs/collection': 1.5.3
      '@discordjs/formatters': 0.6.1
      '@discordjs/rest': 2.6.0
      '@discordjs/util': 1.1.1
      '@discordjs/ws': 1.2.3
      '@sapphire/snowflake': 3.5.3
      discord-api-types: 0.38.31
      fast-deep-equal: 3.1.3
      lodash.snakecase: 4.1.1
      magic-bytes.js: 1.12.1
      tslib: 2.8.1
      undici: 6.21.3
    transitivePeerDependencies:
      - bufferutil
      - utf-8-validate

  dom-serializer@2.0.0:
    dependencies:
      domelementtype: 2.3.0
      domhandler: 5.0.3
      entities: 4.5.0

  dom-walk@0.1.2: {}

  domelementtype@2.3.0: {}

  domhandler@5.0.3:
    dependencies:
      domelementtype: 2.3.0

  domutils@3.2.2:
    dependencies:
      dom-serializer: 2.0.0
      domelementtype: 2.3.0
      domhandler: 5.0.3

  entities@4.5.0: {}

  entities@6.0.0: {}

  event-target-shim@5.0.1: {}

  events@3.3.0: {}

  exif-parser@0.1.12: {}

  fast-deep-equal@3.1.3: {}

  fetch-blob@3.2.0:
    dependencies:
      node-domexception: 1.0.0
      web-streams-polyfill: 3.3.3

  file-type@16.5.4:
    dependencies:
      readable-web-to-node-stream: 3.0.4
      strtok3: 6.3.0
      token-types: 4.2.1

  follow-redirects@1.15.9: {}

  formdata-polyfill@4.0.10:
    dependencies:
      fetch-blob: 3.2.0

  gifwrap@0.10.1:
    dependencies:
      image-q: 4.0.0
      omggif: 1.0.10

  global@4.4.0:
    dependencies:
      min-document: 2.19.0
      process: 0.11.10

  htmlparser2@8.0.2:
    dependencies:
      domelementtype: 2.3.0
      domhandler: 5.0.3
      domutils: 3.2.2
      entities: 4.5.0

  ieee754@1.2.1: {}

  image-q@4.0.0:
    dependencies:
      '@types/node': 16.9.1

  inherits@2.0.4: {}

  is-function@1.0.2: {}

  isarray@1.0.0: {}

  isomorphic-fetch@3.0.0:
    dependencies:
      node-fetch: 2.7.0
      whatwg-fetch: 3.6.20
    transitivePeerDependencies:
      - encoding

  jimp@0.22.12:
    dependencies:
      '@jimp/custom': 0.22.12
      '@jimp/plugins': 0.22.12(@jimp/custom@0.22.12)
      '@jimp/types': 0.22.12(@jimp/custom@0.22.12)
      regenerator-runtime: 0.13.11
    transitivePeerDependencies:
      - debug
      - encoding

  jpeg-js@0.1.2: {}

  jpeg-js@0.4.4: {}

  load-bmfont@1.4.2:
    dependencies:
      buffer-equal: 0.0.1
      mime: 1.6.0
      parse-bmfont-ascii: 1.0.6
      parse-bmfont-binary: 1.0.6
      parse-bmfont-xml: 1.1.6
      phin: 3.7.1
      xhr: 2.6.0
      xtend: 4.0.2
    transitivePeerDependencies:
      - debug

  lodash.snakecase@4.1.1: {}

  lodash@4.17.21: {}

  luxon@3.5.0: {}

  magic-bytes.js@1.12.1: {}

  mime@1.6.0: {}

  min-document@2.19.0:
    dependencies:
      dom-walk: 0.1.2

  mysql@2.18.1:
    dependencies:
      bignumber.js: 9.0.0
      readable-stream: 2.3.7
      safe-buffer: 5.1.2
      sqlstring: 2.3.1

  node-domexception@1.0.0: {}

  node-fetch@2.7.0:
    dependencies:
      whatwg-url: 5.0.0

  node-fetch@3.3.2:
    dependencies:
      data-uri-to-buffer: 4.0.1
      fetch-blob: 3.2.0
      formdata-polyfill: 4.0.10

  nth-check@2.1.1:
    dependencies:
      boolbase: 1.0.0

  omggif@1.0.10: {}

  pako@1.0.11: {}

  parse-bmfont-ascii@1.0.6: {}

  parse-bmfont-binary@1.0.6: {}

  parse-bmfont-xml@1.1.6:
    dependencies:
      xml-parse-from-string: 1.0.1
      xml2js: 0.5.0

  parse-headers@2.0.6: {}

  parse5-htmlparser2-tree-adapter@7.1.0:
    dependencies:
      domhandler: 5.0.3
      parse5: 7.3.0

  parse5@7.3.0:
    dependencies:
      entities: 6.0.0

  pdf-images@1.3.3: {}

  peek-readable@4.1.0: {}

  phin@3.7.1:
    dependencies:
      centra: 2.7.0
    transitivePeerDependencies:
      - debug

  pify@2.3.0: {}

  pixelmatch@4.0.2:
    dependencies:
      pngjs: 3.4.0

  png-js@0.1.1: {}

  png-to-jpeg@1.0.1:
    dependencies:
      jpeg-js: 0.1.2
      pify: 2.3.0
      png-js: 0.1.1

  pngjs@3.4.0: {}

  pngjs@6.0.0: {}

  process-nextick-args@2.0.1: {}

  process@0.11.10: {}

  readable-stream@2.3.7:
    dependencies:
      core-util-is: 1.0.3
      inherits: 2.0.4
      isarray: 1.0.0
      process-nextick-args: 2.0.1
      safe-buffer: 5.1.2
      string_decoder: 1.1.1
      util-deprecate: 1.0.2

  readable-stream@4.7.0:
    dependencies:
      abort-controller: 3.0.0
      buffer: 6.0.3
      events: 3.3.0
      process: 0.11.10
      string_decoder: 1.3.0

  readable-web-to-node-stream@3.0.4:
    dependencies:
      readable-stream: 4.7.0

  regenerator-runtime@0.13.11: {}

  safe-buffer@5.1.2: {}

  safe-buffer@5.2.1: {}

  sax@1.4.1: {}

  sqlstring@2.3.1: {}

  string_decoder@1.1.1:
    dependencies:
      safe-buffer: 5.1.2

  string_decoder@1.3.0:
    dependencies:
      safe-buffer: 5.2.1

  strtok3@6.3.0:
    dependencies:
      '@tokenizer/token': 0.3.0
      peek-readable: 4.1.0

  timm@1.7.1: {}

  tinycolor2@1.6.0: {}

  token-types@4.2.1:
    dependencies:
      '@tokenizer/token': 0.3.0
      ieee754: 1.2.1

  tr46@0.0.3: {}

  ts-mixer@6.0.4: {}

  tslib@2.8.1: {}

  undici-types@7.16.0: {}

  undici@6.21.3: {}

  utif2@4.1.0:
    dependencies:
      pako: 1.0.11

  util-deprecate@1.0.2: {}

  web-streams-polyfill@3.3.3: {}

  webidl-conversions@3.0.1: {}

  whatwg-fetch@3.6.20: {}

  whatwg-url@5.0.0:
    dependencies:
      tr46: 0.0.3
      webidl-conversions: 3.0.1

  ws@8.18.3: {}

  xhr@2.6.0:
    dependencies:
      global: 4.4.0
      is-function: 1.0.2
      parse-headers: 2.0.6
      xtend: 4.0.2

  xml-parse-from-string@1.0.1: {}

  xml2js@0.5.0:
    dependencies:
      sax: 1.4.1
      xmlbuilder: 11.0.1

  xmlbuilder@11.0.1: {}

  xtend@4.0.2: {}
